// !$*UTF8*$!
{
	archiveVersion = 1;
	classes = {
	};
	objectVersion = 50;
	objects = {

/* Begin PBXBuildFile section */
		144A5C913087B16EE308B6E5 /* Pods_XPUIToolExample.framework in Frameworks */ = {isa = PBXBuildFile; fileRef = 161BDBC37747673AEAB58199 /* Pods_XPUIToolExample.framework */; };
		1812CA7A21BFD768003D6B40 /* XPSegmentTitleView.swift in Sources */ = {isa = PBXBuildFile; fileRef = 1812CA7921BFD768003D6B40 /* XPSegmentTitleView.swift */; };
		1812CA7E21C0A829003D6B40 /* XPPageContentView.swift in Sources */ = {isa = PBXBuildFile; fileRef = 1812CA7D21C0A829003D6B40 /* XPPageContentView.swift */; };
		1812CA8221C0BCCA003D6B40 /* XPSlideViewController.swift in Sources */ = {isa = PBXBuildFile; fileRef = 1812CA8121C0BCCA003D6B40 /* XPSlideViewController.swift */; };
		1812CA8D21C0F53C003D6B40 /* TitleTextFeild.swift in Sources */ = {isa = PBXBuildFile; fileRef = 1812CA8C21C0F53B003D6B40 /* TitleTextFeild.swift */; };
		1812CA8F21C0F553003D6B40 /* ImageTitleDesView.swift in Sources */ = {isa = PBXBuildFile; fileRef = 1812CA8E21C0F552003D6B40 /* ImageTitleDesView.swift */; };
		18403ED621B7D14400AD0CF4 /* TranslucentCircularButton.swift in Sources */ = {isa = PBXBuildFile; fileRef = 18403ED521B7D14400AD0CF4 /* TranslucentCircularButton.swift */; };
		18EC103321C232F20071824D /* TestVC1.swift in Sources */ = {isa = PBXBuildFile; fileRef = 18EC103221C232F20071824D /* TestVC1.swift */; };
		78250316CFAADE38E1A0290D /* Pods_XPUIToolExampleUITests.framework in Frameworks */ = {isa = PBXBuildFile; fileRef = E7BF9F62064F65608C30FFDE /* Pods_XPUIToolExampleUITests.framework */; };
		AE78056B9913866B5D26A51B /* Pods_XPUITool.framework in Frameworks */ = {isa = PBXBuildFile; fileRef = F7F8CD869D961352DA3B1C63 /* Pods_XPUITool.framework */; };
		E7576BD8EAE14F189068ED16 /* Pods_XPUIToolExampleTests.framework in Frameworks */ = {isa = PBXBuildFile; fileRef = 0D57AD7AD492E5D413BBD8F7 /* Pods_XPUIToolExampleTests.framework */; };
		F606527B20C12B9300DA2034 /* AppDelegate.swift in Sources */ = {isa = PBXBuildFile; fileRef = F606527A20C12B9300DA2034 /* AppDelegate.swift */; };
		F606527D20C12B9300DA2034 /* ViewController.swift in Sources */ = {isa = PBXBuildFile; fileRef = F606527C20C12B9300DA2034 /* ViewController.swift */; };
		F606528020C12B9300DA2034 /* Main.storyboard in Resources */ = {isa = PBXBuildFile; fileRef = F606527E20C12B9300DA2034 /* Main.storyboard */; };
		F606528220C12B9400DA2034 /* Assets.xcassets in Resources */ = {isa = PBXBuildFile; fileRef = F606528120C12B9400DA2034 /* Assets.xcassets */; };
		F606528520C12B9400DA2034 /* LaunchScreen.storyboard in Resources */ = {isa = PBXBuildFile; fileRef = F606528320C12B9400DA2034 /* LaunchScreen.storyboard */; };
		F606529020C12B9400DA2034 /* XPUIToolExampleTests.swift in Sources */ = {isa = PBXBuildFile; fileRef = F606528F20C12B9400DA2034 /* XPUIToolExampleTests.swift */; };
		F606529B20C12B9400DA2034 /* XPUIToolExampleUITests.swift in Sources */ = {isa = PBXBuildFile; fileRef = F606529A20C12B9400DA2034 /* XPUIToolExampleUITests.swift */; };
		F60652B620C12C4600DA2034 /* XPUITool.framework in Frameworks */ = {isa = PBXBuildFile; fileRef = F60652AD20C12C4600DA2034 /* XPUITool.framework */; };
		F60652BD20C12C4600DA2034 /* XPUIToolTests.swift in Sources */ = {isa = PBXBuildFile; fileRef = F60652BC20C12C4600DA2034 /* XPUIToolTests.swift */; };
		F60652BF20C12C4600DA2034 /* XPUITool.h in Headers */ = {isa = PBXBuildFile; fileRef = F60652AF20C12C4600DA2034 /* XPUITool.h */; settings = {ATTRIBUTES = (Public, ); }; };
		F60652C220C12C4600DA2034 /* XPUITool.framework in Frameworks */ = {isa = PBXBuildFile; fileRef = F60652AD20C12C4600DA2034 /* XPUITool.framework */; };
		F60652C320C12C4600DA2034 /* XPUITool.framework in Embed Frameworks */ = {isa = PBXBuildFile; fileRef = F60652AD20C12C4600DA2034 /* XPUITool.framework */; settings = {ATTRIBUTES = (CodeSignOnCopy, RemoveHeadersOnCopy, ); }; };
		F60652CF20C12C9E00DA2034 /* CountdownButton.swift in Sources */ = {isa = PBXBuildFile; fileRef = F60652CC20C12C9E00DA2034 /* CountdownButton.swift */; };
		F60652D020C12C9E00DA2034 /* XPCycleScrollView.swift in Sources */ = {isa = PBXBuildFile; fileRef = F60652CD20C12C9E00DA2034 /* XPCycleScrollView.swift */; };
		F60652D120C12C9E00DA2034 /* TitleContentView.swift in Sources */ = {isa = PBXBuildFile; fileRef = F60652CE20C12C9E00DA2034 /* TitleContentView.swift */; };
		F60652D420C12F0300DA2034 /* TitleContentView.swift in Headers */ = {isa = PBXBuildFile; fileRef = F60652CE20C12C9E00DA2034 /* TitleContentView.swift */; settings = {ATTRIBUTES = (Public, ); }; };
		F60652D520C12F0300DA2034 /* XPCycleScrollView.swift in Headers */ = {isa = PBXBuildFile; fileRef = F60652CD20C12C9E00DA2034 /* XPCycleScrollView.swift */; settings = {ATTRIBUTES = (Public, ); }; };
		F60652D620C12F0300DA2034 /* CountdownButton.swift in Headers */ = {isa = PBXBuildFile; fileRef = F60652CC20C12C9E00DA2034 /* CountdownButton.swift */; settings = {ATTRIBUTES = (Public, ); }; };
		F60652D920C12F4A00DA2034 /* TitleContentView.swift in Sources */ = {isa = PBXBuildFile; fileRef = F60652CE20C12C9E00DA2034 /* TitleContentView.swift */; };
		F60652DA20C12F4A00DA2034 /* XPCycleScrollView.swift in Sources */ = {isa = PBXBuildFile; fileRef = F60652CD20C12C9E00DA2034 /* XPCycleScrollView.swift */; };
		F60652DB20C12F4A00DA2034 /* CountdownButton.swift in Sources */ = {isa = PBXBuildFile; fileRef = F60652CC20C12C9E00DA2034 /* CountdownButton.swift */; };
/* End PBXBuildFile section */

/* Begin PBXContainerItemProxy section */
		F606528C20C12B9400DA2034 /* PBXContainerItemProxy */ = {
			isa = PBXContainerItemProxy;
			containerPortal = F606526F20C12B9300DA2034 /* Project object */;
			proxyType = 1;
			remoteGlobalIDString = F606527620C12B9300DA2034;
			remoteInfo = XPUIToolExample;
		};
		F606529720C12B9400DA2034 /* PBXContainerItemProxy */ = {
			isa = PBXContainerItemProxy;
			containerPortal = F606526F20C12B9300DA2034 /* Project object */;
			proxyType = 1;
			remoteGlobalIDString = F606527620C12B9300DA2034;
			remoteInfo = XPUIToolExample;
		};
		F60652B720C12C4600DA2034 /* PBXContainerItemProxy */ = {
			isa = PBXContainerItemProxy;
			containerPortal = F606526F20C12B9300DA2034 /* Project object */;
			proxyType = 1;
			remoteGlobalIDString = F60652AC20C12C4600DA2034;
			remoteInfo = XPUITool;
		};
		F60652B920C12C4600DA2034 /* PBXContainerItemProxy */ = {
			isa = PBXContainerItemProxy;
			containerPortal = F606526F20C12B9300DA2034 /* Project object */;
			proxyType = 1;
			remoteGlobalIDString = F606527620C12B9300DA2034;
			remoteInfo = XPUIToolExample;
		};
		F60652C020C12C4600DA2034 /* PBXContainerItemProxy */ = {
			isa = PBXContainerItemProxy;
			containerPortal = F606526F20C12B9300DA2034 /* Project object */;
			proxyType = 1;
			remoteGlobalIDString = F60652AC20C12C4600DA2034;
			remoteInfo = XPUITool;
		};
/* End PBXContainerItemProxy section */

/* Begin PBXCopyFilesBuildPhase section */
		F60652C920C12C4600DA2034 /* Embed Frameworks */ = {
			isa = PBXCopyFilesBuildPhase;
			buildActionMask = 2147483647;
			dstPath = "";
			dstSubfolderSpec = 10;
			files = (
				F60652C320C12C4600DA2034 /* XPUITool.framework in Embed Frameworks */,
			);
			name = "Embed Frameworks";
			runOnlyForDeploymentPostprocessing = 0;
		};
/* End PBXCopyFilesBuildPhase section */

/* Begin PBXFileReference section */
		0D57AD7AD492E5D413BBD8F7 /* Pods_XPUIToolExampleTests.framework */ = {isa = PBXFileReference; explicitFileType = wrapper.framework; includeInIndex = 0; path = Pods_XPUIToolExampleTests.framework; sourceTree = BUILT_PRODUCTS_DIR; };
		10E1817E9D68BE6B70B06BAD /* Pods-XPUIToolExampleTests.release.xcconfig */ = {isa = PBXFileReference; includeInIndex = 1; lastKnownFileType = text.xcconfig; name = "Pods-XPUIToolExampleTests.release.xcconfig"; path = "Pods/Target Support Files/Pods-XPUIToolExampleTests/Pods-XPUIToolExampleTests.release.xcconfig"; sourceTree = "<group>"; };
		161BDBC37747673AEAB58199 /* Pods_XPUIToolExample.framework */ = {isa = PBXFileReference; explicitFileType = wrapper.framework; includeInIndex = 0; path = Pods_XPUIToolExample.framework; sourceTree = BUILT_PRODUCTS_DIR; };
		1812CA7921BFD768003D6B40 /* XPSegmentTitleView.swift */ = {isa = PBXFileReference; lastKnownFileType = sourcecode.swift; path = XPSegmentTitleView.swift; sourceTree = "<group>"; };
		1812CA7D21C0A829003D6B40 /* XPPageContentView.swift */ = {isa = PBXFileReference; lastKnownFileType = sourcecode.swift; path = XPPageContentView.swift; sourceTree = "<group>"; };
		1812CA8121C0BCCA003D6B40 /* XPSlideViewController.swift */ = {isa = PBXFileReference; lastKnownFileType = sourcecode.swift; path = XPSlideViewController.swift; sourceTree = "<group>"; };
		1812CA8C21C0F53B003D6B40 /* TitleTextFeild.swift */ = {isa = PBXFileReference; fileEncoding = 4; lastKnownFileType = sourcecode.swift; path = TitleTextFeild.swift; sourceTree = "<group>"; };
		1812CA8E21C0F552003D6B40 /* ImageTitleDesView.swift */ = {isa = PBXFileReference; fileEncoding = 4; lastKnownFileType = sourcecode.swift; path = ImageTitleDesView.swift; sourceTree = "<group>"; };
		18403ED521B7D14400AD0CF4 /* TranslucentCircularButton.swift */ = {isa = PBXFileReference; lastKnownFileType = sourcecode.swift; path = TranslucentCircularButton.swift; sourceTree = "<group>"; };
		18EC103221C232F20071824D /* TestVC1.swift */ = {isa = PBXFileReference; lastKnownFileType = sourcecode.swift; path = TestVC1.swift; sourceTree = "<group>"; };
		6072634C0F464C468F7CF63E /* Pods-XPUITool.debug.xcconfig */ = {isa = PBXFileReference; includeInIndex = 1; lastKnownFileType = text.xcconfig; name = "Pods-XPUITool.debug.xcconfig"; path = "Pods/Target Support Files/Pods-XPUITool/Pods-XPUITool.debug.xcconfig"; sourceTree = "<group>"; };
		611B4A6BE11C3D201E26CE5C /* Pods-XPUIToolExampleUITests.debug.xcconfig */ = {isa = PBXFileReference; includeInIndex = 1; lastKnownFileType = text.xcconfig; name = "Pods-XPUIToolExampleUITests.debug.xcconfig"; path = "Pods/Target Support Files/Pods-XPUIToolExampleUITests/Pods-XPUIToolExampleUITests.debug.xcconfig"; sourceTree = "<group>"; };
		7AA6CF8F5E2EF15C2E861EA9 /* Pods-XPUIToolExample.release.xcconfig */ = {isa = PBXFileReference; includeInIndex = 1; lastKnownFileType = text.xcconfig; name = "Pods-XPUIToolExample.release.xcconfig"; path = "Pods/Target Support Files/Pods-XPUIToolExample/Pods-XPUIToolExample.release.xcconfig"; sourceTree = "<group>"; };
		BDE5BB00FD4B5CCBCFF8A4AB /* Pods-XPUIToolExample.debug.xcconfig */ = {isa = PBXFileReference; includeInIndex = 1; lastKnownFileType = text.xcconfig; name = "Pods-XPUIToolExample.debug.xcconfig"; path = "Pods/Target Support Files/Pods-XPUIToolExample/Pods-XPUIToolExample.debug.xcconfig"; sourceTree = "<group>"; };
		C12C79EEBA5DA23FBB01B791 /* Pods-XPUITool.release.xcconfig */ = {isa = PBXFileReference; includeInIndex = 1; lastKnownFileType = text.xcconfig; name = "Pods-XPUITool.release.xcconfig"; path = "Pods/Target Support Files/Pods-XPUITool/Pods-XPUITool.release.xcconfig"; sourceTree = "<group>"; };
		C5A2E721B8925335F674EC08 /* Pods-XPUIToolExampleUITests.release.xcconfig */ = {isa = PBXFileReference; includeInIndex = 1; lastKnownFileType = text.xcconfig; name = "Pods-XPUIToolExampleUITests.release.xcconfig"; path = "Pods/Target Support Files/Pods-XPUIToolExampleUITests/Pods-XPUIToolExampleUITests.release.xcconfig"; sourceTree = "<group>"; };
		E288EC50CF8F3D6A91BA1745 /* Pods-XPUIToolExampleTests.debug.xcconfig */ = {isa = PBXFileReference; includeInIndex = 1; lastKnownFileType = text.xcconfig; name = "Pods-XPUIToolExampleTests.debug.xcconfig"; path = "Pods/Target Support Files/Pods-XPUIToolExampleTests/Pods-XPUIToolExampleTests.debug.xcconfig"; sourceTree = "<group>"; };
		E7BF9F62064F65608C30FFDE /* Pods_XPUIToolExampleUITests.framework */ = {isa = PBXFileReference; explicitFileType = wrapper.framework; includeInIndex = 0; path = Pods_XPUIToolExampleUITests.framework; sourceTree = BUILT_PRODUCTS_DIR; };
		F606527720C12B9300DA2034 /* XPUIToolExample.app */ = {isa = PBXFileReference; explicitFileType = wrapper.application; includeInIndex = 0; path = XPUIToolExample.app; sourceTree = BUILT_PRODUCTS_DIR; };
		F606527A20C12B9300DA2034 /* AppDelegate.swift */ = {isa = PBXFileReference; lastKnownFileType = sourcecode.swift; path = AppDelegate.swift; sourceTree = "<group>"; };
		F606527C20C12B9300DA2034 /* ViewController.swift */ = {isa = PBXFileReference; lastKnownFileType = sourcecode.swift; path = ViewController.swift; sourceTree = "<group>"; };
		F606527F20C12B9300DA2034 /* Base */ = {isa = PBXFileReference; lastKnownFileType = file.storyboard; name = Base; path = Base.lproj/Main.storyboard; sourceTree = "<group>"; };
		F606528120C12B9400DA2034 /* Assets.xcassets */ = {isa = PBXFileReference; lastKnownFileType = folder.assetcatalog; path = Assets.xcassets; sourceTree = "<group>"; };
		F606528420C12B9400DA2034 /* Base */ = {isa = PBXFileReference; lastKnownFileType = file.storyboard; name = Base; path = Base.lproj/LaunchScreen.storyboard; sourceTree = "<group>"; };
		F606528620C12B9400DA2034 /* Info.plist */ = {isa = PBXFileReference; lastKnownFileType = text.plist.xml; path = Info.plist; sourceTree = "<group>"; };
		F606528B20C12B9400DA2034 /* XPUIToolExampleTests.xctest */ = {isa = PBXFileReference; explicitFileType = wrapper.cfbundle; includeInIndex = 0; path = XPUIToolExampleTests.xctest; sourceTree = BUILT_PRODUCTS_DIR; };
		F606528F20C12B9400DA2034 /* XPUIToolExampleTests.swift */ = {isa = PBXFileReference; lastKnownFileType = sourcecode.swift; path = XPUIToolExampleTests.swift; sourceTree = "<group>"; };
		F606529120C12B9400DA2034 /* Info.plist */ = {isa = PBXFileReference; lastKnownFileType = text.plist.xml; path = Info.plist; sourceTree = "<group>"; };
		F606529620C12B9400DA2034 /* XPUIToolExampleUITests.xctest */ = {isa = PBXFileReference; explicitFileType = wrapper.cfbundle; includeInIndex = 0; path = XPUIToolExampleUITests.xctest; sourceTree = BUILT_PRODUCTS_DIR; };
		F606529A20C12B9400DA2034 /* XPUIToolExampleUITests.swift */ = {isa = PBXFileReference; lastKnownFileType = sourcecode.swift; path = XPUIToolExampleUITests.swift; sourceTree = "<group>"; };
		F606529C20C12B9400DA2034 /* Info.plist */ = {isa = PBXFileReference; lastKnownFileType = text.plist.xml; path = Info.plist; sourceTree = "<group>"; };
		F60652AD20C12C4600DA2034 /* XPUITool.framework */ = {isa = PBXFileReference; explicitFileType = wrapper.framework; includeInIndex = 0; path = XPUITool.framework; sourceTree = BUILT_PRODUCTS_DIR; };
		F60652AF20C12C4600DA2034 /* XPUITool.h */ = {isa = PBXFileReference; lastKnownFileType = sourcecode.c.h; path = XPUITool.h; sourceTree = "<group>"; };
		F60652B020C12C4600DA2034 /* Info.plist */ = {isa = PBXFileReference; lastKnownFileType = text.plist.xml; path = Info.plist; sourceTree = "<group>"; };
		F60652B520C12C4600DA2034 /* XPUIToolTests.xctest */ = {isa = PBXFileReference; explicitFileType = wrapper.cfbundle; includeInIndex = 0; path = XPUIToolTests.xctest; sourceTree = BUILT_PRODUCTS_DIR; };
		F60652BC20C12C4600DA2034 /* XPUIToolTests.swift */ = {isa = PBXFileReference; lastKnownFileType = sourcecode.swift; path = XPUIToolTests.swift; sourceTree = "<group>"; };
		F60652BE20C12C4600DA2034 /* Info.plist */ = {isa = PBXFileReference; lastKnownFileType = text.plist.xml; path = Info.plist; sourceTree = "<group>"; };
		F60652CC20C12C9E00DA2034 /* CountdownButton.swift */ = {isa = PBXFileReference; fileEncoding = 4; lastKnownFileType = sourcecode.swift; path = CountdownButton.swift; sourceTree = "<group>"; };
		F60652CD20C12C9E00DA2034 /* XPCycleScrollView.swift */ = {isa = PBXFileReference; fileEncoding = 4; lastKnownFileType = sourcecode.swift; path = XPCycleScrollView.swift; sourceTree = "<group>"; };
		F60652CE20C12C9E00DA2034 /* TitleContentView.swift */ = {isa = PBXFileReference; fileEncoding = 4; lastKnownFileType = sourcecode.swift; path = TitleContentView.swift; sourceTree = "<group>"; };
		F7F8CD869D961352DA3B1C63 /* Pods_XPUITool.framework */ = {isa = PBXFileReference; explicitFileType = wrapper.framework; includeInIndex = 0; path = Pods_XPUITool.framework; sourceTree = BUILT_PRODUCTS_DIR; };
/* End PBXFileReference section */

/* Begin PBXFrameworksBuildPhase section */
		F606527420C12B9300DA2034 /* Frameworks */ = {
			isa = PBXFrameworksBuildPhase;
			buildActionMask = 2147483647;
			files = (
				F60652C220C12C4600DA2034 /* XPUITool.framework in Frameworks */,
				144A5C913087B16EE308B6E5 /* Pods_XPUIToolExample.framework in Frameworks */,
			);
			runOnlyForDeploymentPostprocessing = 0;
		};
		F606528820C12B9400DA2034 /* Frameworks */ = {
			isa = PBXFrameworksBuildPhase;
			buildActionMask = 2147483647;
			files = (
				E7576BD8EAE14F189068ED16 /* Pods_XPUIToolExampleTests.framework in Frameworks */,
			);
			runOnlyForDeploymentPostprocessing = 0;
		};
		F606529320C12B9400DA2034 /* Frameworks */ = {
			isa = PBXFrameworksBuildPhase;
			buildActionMask = 2147483647;
			files = (
				78250316CFAADE38E1A0290D /* Pods_XPUIToolExampleUITests.framework in Frameworks */,
			);
			runOnlyForDeploymentPostprocessing = 0;
		};
		F60652A920C12C4600DA2034 /* Frameworks */ = {
			isa = PBXFrameworksBuildPhase;
			buildActionMask = 2147483647;
			files = (
				AE78056B9913866B5D26A51B /* Pods_XPUITool.framework in Frameworks */,
			);
			runOnlyForDeploymentPostprocessing = 0;
		};
		F60652B220C12C4600DA2034 /* Frameworks */ = {
			isa = PBXFrameworksBuildPhase;
			buildActionMask = 2147483647;
			files = (
				F60652B620C12C4600DA2034 /* XPUITool.framework in Frameworks */,
			);
			runOnlyForDeploymentPostprocessing = 0;
		};
/* End PBXFrameworksBuildPhase section */

/* Begin PBXGroup section */
		1812CA7621BFBBE3003D6B40 /* Slide */ = {
			isa = PBXGroup;
			children = (
				1812CA7921BFD768003D6B40 /* XPSegmentTitleView.swift */,
				1812CA7D21C0A829003D6B40 /* XPPageContentView.swift */,
				1812CA8121C0BCCA003D6B40 /* XPSlideViewController.swift */,
			);
			path = Slide;
			sourceTree = "<group>";
		};
		18EC103121C2328C0071824D /* Test */ = {
			isa = PBXGroup;
			children = (
				18EC103221C232F20071824D /* TestVC1.swift */,
			);
			path = Test;
			sourceTree = "<group>";
		};
		D583EB412FDDA5AEA383D6FD /* Frameworks */ = {
			isa = PBXGroup;
			children = (
				161BDBC37747673AEAB58199 /* Pods_XPUIToolExample.framework */,
				0D57AD7AD492E5D413BBD8F7 /* Pods_XPUIToolExampleTests.framework */,
				E7BF9F62064F65608C30FFDE /* Pods_XPUIToolExampleUITests.framework */,
				F7F8CD869D961352DA3B1C63 /* Pods_XPUITool.framework */,
			);
			name = Frameworks;
			sourceTree = "<group>";
		};
		F606526E20C12B9300DA2034 = {
			isa = PBXGroup;
			children = (
				F60652CB20C12C8700DA2034 /* Classes */,
				F606527920C12B9300DA2034 /* XPUIToolExample */,
				F606528E20C12B9400DA2034 /* XPUIToolExampleTests */,
				F606529920C12B9400DA2034 /* XPUIToolExampleUITests */,
				F60652AE20C12C4600DA2034 /* XPUITool */,
				F60652BB20C12C4600DA2034 /* XPUIToolTests */,
				F606527820C12B9300DA2034 /* Products */,
				FEE817A5D715D675CD212AF2 /* Pods */,
				D583EB412FDDA5AEA383D6FD /* Frameworks */,
			);
			sourceTree = "<group>";
		};
		F606527820C12B9300DA2034 /* Products */ = {
			isa = PBXGroup;
			children = (
				F606527720C12B9300DA2034 /* XPUIToolExample.app */,
				F606528B20C12B9400DA2034 /* XPUIToolExampleTests.xctest */,
				F606529620C12B9400DA2034 /* XPUIToolExampleUITests.xctest */,
				F60652AD20C12C4600DA2034 /* XPUITool.framework */,
				F60652B520C12C4600DA2034 /* XPUIToolTests.xctest */,
			);
			name = Products;
			sourceTree = "<group>";
		};
		F606527920C12B9300DA2034 /* XPUIToolExample */ = {
			isa = PBXGroup;
			children = (
				F606527A20C12B9300DA2034 /* AppDelegate.swift */,
				F606527C20C12B9300DA2034 /* ViewController.swift */,
				18EC103121C2328C0071824D /* Test */,
				F606527E20C12B9300DA2034 /* Main.storyboard */,
				F606528120C12B9400DA2034 /* Assets.xcassets */,
				F606528320C12B9400DA2034 /* LaunchScreen.storyboard */,
				F606528620C12B9400DA2034 /* Info.plist */,
			);
			path = XPUIToolExample;
			sourceTree = "<group>";
		};
		F606528E20C12B9400DA2034 /* XPUIToolExampleTests */ = {
			isa = PBXGroup;
			children = (
				F606528F20C12B9400DA2034 /* XPUIToolExampleTests.swift */,
				F606529120C12B9400DA2034 /* Info.plist */,
			);
			path = XPUIToolExampleTests;
			sourceTree = "<group>";
		};
		F606529920C12B9400DA2034 /* XPUIToolExampleUITests */ = {
			isa = PBXGroup;
			children = (
				F606529A20C12B9400DA2034 /* XPUIToolExampleUITests.swift */,
				F606529C20C12B9400DA2034 /* Info.plist */,
			);
			path = XPUIToolExampleUITests;
			sourceTree = "<group>";
		};
		F60652AE20C12C4600DA2034 /* XPUITool */ = {
			isa = PBXGroup;
			children = (
				F60652AF20C12C4600DA2034 /* XPUITool.h */,
				F60652B020C12C4600DA2034 /* Info.plist */,
			);
			path = XPUITool;
			sourceTree = "<group>";
		};
		F60652BB20C12C4600DA2034 /* XPUIToolTests */ = {
			isa = PBXGroup;
			children = (
				F60652BC20C12C4600DA2034 /* XPUIToolTests.swift */,
				F60652BE20C12C4600DA2034 /* Info.plist */,
			);
			path = XPUIToolTests;
			sourceTree = "<group>";
		};
		F60652CB20C12C8700DA2034 /* Classes */ = {
			isa = PBXGroup;
			children = (
				1812CA7621BFBBE3003D6B40 /* Slide */,
				F60652CE20C12C9E00DA2034 /* TitleContentView.swift */,
				1812CA8E21C0F552003D6B40 /* ImageTitleDesView.swift */,
				F60652CD20C12C9E00DA2034 /* XPCycleScrollView.swift */,
				F60652CC20C12C9E00DA2034 /* CountdownButton.swift */,
				18403ED521B7D14400AD0CF4 /* TranslucentCircularButton.swift */,
				1812CA8C21C0F53B003D6B40 /* TitleTextFeild.swift */,
			);
			path = Classes;
			sourceTree = "<group>";
		};
		FEE817A5D715D675CD212AF2 /* Pods */ = {
			isa = PBXGroup;
			children = (
				BDE5BB00FD4B5CCBCFF8A4AB /* Pods-XPUIToolExample.debug.xcconfig */,
				7AA6CF8F5E2EF15C2E861EA9 /* Pods-XPUIToolExample.release.xcconfig */,
				E288EC50CF8F3D6A91BA1745 /* Pods-XPUIToolExampleTests.debug.xcconfig */,
				10E1817E9D68BE6B70B06BAD /* Pods-XPUIToolExampleTests.release.xcconfig */,
				611B4A6BE11C3D201E26CE5C /* Pods-XPUIToolExampleUITests.debug.xcconfig */,
				C5A2E721B8925335F674EC08 /* Pods-XPUIToolExampleUITests.release.xcconfig */,
				6072634C0F464C468F7CF63E /* Pods-XPUITool.debug.xcconfig */,
				C12C79EEBA5DA23FBB01B791 /* Pods-XPUITool.release.xcconfig */,
			);
			name = Pods;
			sourceTree = "<group>";
		};
/* End PBXGroup section */

/* Begin PBXHeadersBuildPhase section */
		F60652AA20C12C4600DA2034 /* Headers */ = {
			isa = PBXHeadersBuildPhase;
			buildActionMask = 2147483647;
			files = (
				F60652BF20C12C4600DA2034 /* XPUITool.h in Headers */,
				F60652D420C12F0300DA2034 /* TitleContentView.swift in Headers */,
				F60652D520C12F0300DA2034 /* XPCycleScrollView.swift in Headers */,
				F60652D620C12F0300DA2034 /* CountdownButton.swift in Headers */,
			);
			runOnlyForDeploymentPostprocessing = 0;
		};
/* End PBXHeadersBuildPhase section */

/* Begin PBXNativeTarget section */
		F606527620C12B9300DA2034 /* XPUIToolExample */ = {
			isa = PBXNativeTarget;
			buildConfigurationList = F606529F20C12B9400DA2034 /* Build configuration list for PBXNativeTarget "XPUIToolExample" */;
			buildPhases = (
				2F5E4BA7CF4117629664872A /* [CP] Check Pods Manifest.lock */,
				F606527320C12B9300DA2034 /* Sources */,
				F606527420C12B9300DA2034 /* Frameworks */,
				F606527520C12B9300DA2034 /* Resources */,
				CF1F7B495ECFB6856109C3B4 /* [CP] Embed Pods Frameworks */,
				F60652C920C12C4600DA2034 /* Embed Frameworks */,
			);
			buildRules = (
			);
			dependencies = (
				F60652C120C12C4600DA2034 /* PBXTargetDependency */,
			);
			name = XPUIToolExample;
			productName = XPUIToolExample;
			productReference = F606527720C12B9300DA2034 /* XPUIToolExample.app */;
			productType = "com.apple.product-type.application";
		};
		F606528A20C12B9400DA2034 /* XPUIToolExampleTests */ = {
			isa = PBXNativeTarget;
			buildConfigurationList = F60652A220C12B9400DA2034 /* Build configuration list for PBXNativeTarget "XPUIToolExampleTests" */;
			buildPhases = (
				23E9CC3039F089340C8D178E /* [CP] Check Pods Manifest.lock */,
				F606528720C12B9400DA2034 /* Sources */,
				F606528820C12B9400DA2034 /* Frameworks */,
				F606528920C12B9400DA2034 /* Resources */,
			);
			buildRules = (
			);
			dependencies = (
				F606528D20C12B9400DA2034 /* PBXTargetDependency */,
			);
			name = XPUIToolExampleTests;
			productName = XPUIToolExampleTests;
			productReference = F606528B20C12B9400DA2034 /* XPUIToolExampleTests.xctest */;
			productType = "com.apple.product-type.bundle.unit-test";
		};
		F606529520C12B9400DA2034 /* XPUIToolExampleUITests */ = {
			isa = PBXNativeTarget;
			buildConfigurationList = F60652A520C12B9400DA2034 /* Build configuration list for PBXNativeTarget "XPUIToolExampleUITests" */;
			buildPhases = (
				5B3656200742037D6E3B07C6 /* [CP] Check Pods Manifest.lock */,
				F606529220C12B9400DA2034 /* Sources */,
				F606529320C12B9400DA2034 /* Frameworks */,
				F606529420C12B9400DA2034 /* Resources */,
			);
			buildRules = (
			);
			dependencies = (
				F606529820C12B9400DA2034 /* PBXTargetDependency */,
			);
			name = XPUIToolExampleUITests;
			productName = XPUIToolExampleUITests;
			productReference = F606529620C12B9400DA2034 /* XPUIToolExampleUITests.xctest */;
			productType = "com.apple.product-type.bundle.ui-testing";
		};
		F60652AC20C12C4600DA2034 /* XPUITool */ = {
			isa = PBXNativeTarget;
			buildConfigurationList = F60652C820C12C4600DA2034 /* Build configuration list for PBXNativeTarget "XPUITool" */;
			buildPhases = (
				97FAD2F3A7B4700F8B86B4D8 /* [CP] Check Pods Manifest.lock */,
				F60652A820C12C4600DA2034 /* Sources */,
				F60652A920C12C4600DA2034 /* Frameworks */,
				F60652AA20C12C4600DA2034 /* Headers */,
				F60652AB20C12C4600DA2034 /* Resources */,
			);
			buildRules = (
			);
			dependencies = (
			);
			name = XPUITool;
			productName = XPUITool;
			productReference = F60652AD20C12C4600DA2034 /* XPUITool.framework */;
			productType = "com.apple.product-type.framework";
		};
		F60652B420C12C4600DA2034 /* XPUIToolTests */ = {
			isa = PBXNativeTarget;
			buildConfigurationList = F60652CA20C12C4600DA2034 /* Build configuration list for PBXNativeTarget "XPUIToolTests" */;
			buildPhases = (
				F60652B120C12C4600DA2034 /* Sources */,
				F60652B220C12C4600DA2034 /* Frameworks */,
				F60652B320C12C4600DA2034 /* Resources */,
			);
			buildRules = (
			);
			dependencies = (
				F60652B820C12C4600DA2034 /* PBXTargetDependency */,
				F60652BA20C12C4600DA2034 /* PBXTargetDependency */,
			);
			name = XPUIToolTests;
			productName = XPUIToolTests;
			productReference = F60652B520C12C4600DA2034 /* XPUIToolTests.xctest */;
			productType = "com.apple.product-type.bundle.unit-test";
		};
/* End PBXNativeTarget section */

/* Begin PBXProject section */
		F606526F20C12B9300DA2034 /* Project object */ = {
			isa = PBXProject;
			attributes = {
				LastSwiftUpdateCheck = 0930;
				LastUpgradeCheck = 0930;
				ORGANIZATIONNAME = worldunion;
				TargetAttributes = {
					F606527620C12B9300DA2034 = {
						CreatedOnToolsVersion = 9.3;
					};
					F606528A20C12B9400DA2034 = {
						CreatedOnToolsVersion = 9.3;
						TestTargetID = F606527620C12B9300DA2034;
					};
					F606529520C12B9400DA2034 = {
						CreatedOnToolsVersion = 9.3;
						TestTargetID = F606527620C12B9300DA2034;
					};
					F60652AC20C12C4600DA2034 = {
						CreatedOnToolsVersion = 9.3;
					};
					F60652B420C12C4600DA2034 = {
						CreatedOnToolsVersion = 9.3;
						TestTargetID = F606527620C12B9300DA2034;
					};
				};
			};
			buildConfigurationList = F606527220C12B9300DA2034 /* Build configuration list for PBXProject "XPUIToolExample" */;
			compatibilityVersion = "Xcode 9.3";
			developmentRegion = en;
			hasScannedForEncodings = 0;
			knownRegions = (
				en,
				Base,
			);
			mainGroup = F606526E20C12B9300DA2034;
			productRefGroup = F606527820C12B9300DA2034 /* Products */;
			projectDirPath = "";
			projectRoot = "";
			targets = (
				F606527620C12B9300DA2034 /* XPUIToolExample */,
				F606528A20C12B9400DA2034 /* XPUIToolExampleTests */,
				F606529520C12B9400DA2034 /* XPUIToolExampleUITests */,
				F60652AC20C12C4600DA2034 /* XPUITool */,
				F60652B420C12C4600DA2034 /* XPUIToolTests */,
			);
		};
/* End PBXProject section */

/* Begin PBXResourcesBuildPhase section */
		F606527520C12B9300DA2034 /* Resources */ = {
			isa = PBXResourcesBuildPhase;
			buildActionMask = 2147483647;
			files = (
				F606528520C12B9400DA2034 /* LaunchScreen.storyboard in Resources */,
				F606528220C12B9400DA2034 /* Assets.xcassets in Resources */,
				F606528020C12B9300DA2034 /* Main.storyboard in Resources */,
			);
			runOnlyForDeploymentPostprocessing = 0;
		};
		F606528920C12B9400DA2034 /* Resources */ = {
			isa = PBXResourcesBuildPhase;
			buildActionMask = 2147483647;
			files = (
			);
			runOnlyForDeploymentPostprocessing = 0;
		};
		F606529420C12B9400DA2034 /* Resources */ = {
			isa = PBXResourcesBuildPhase;
			buildActionMask = 2147483647;
			files = (
			);
			runOnlyForDeploymentPostprocessing = 0;
		};
		F60652AB20C12C4600DA2034 /* Resources */ = {
			isa = PBXResourcesBuildPhase;
			buildActionMask = 2147483647;
			files = (
			);
			runOnlyForDeploymentPostprocessing = 0;
		};
		F60652B320C12C4600DA2034 /* Resources */ = {
			isa = PBXResourcesBuildPhase;
			buildActionMask = 2147483647;
			files = (
			);
			runOnlyForDeploymentPostprocessing = 0;
		};
/* End PBXResourcesBuildPhase section */

/* Begin PBXShellScriptBuildPhase section */
		23E9CC3039F089340C8D178E /* [CP] Check Pods Manifest.lock */ = {
			isa = PBXShellScriptBuildPhase;
			buildActionMask = 2147483647;
			files = (
			);
			inputPaths = (
				"${PODS_PODFILE_DIR_PATH}/Podfile.lock",
				"${PODS_ROOT}/Manifest.lock",
			);
			name = "[CP] Check Pods Manifest.lock";
			outputPaths = (
				"$(DERIVED_FILE_DIR)/Pods-XPUIToolExampleTests-checkManifestLockResult.txt",
			);
			runOnlyForDeploymentPostprocessing = 0;
			shellPath = /bin/sh;
			shellScript = "diff \"${PODS_PODFILE_DIR_PATH}/Podfile.lock\" \"${PODS_ROOT}/Manifest.lock\" > /dev/null\nif [ $? != 0 ] ; then\n    # print error to STDERR\n    echo \"error: The sandbox is not in sync with the Podfile.lock. Run 'pod install' or update your CocoaPods installation.\" >&2\n    exit 1\nfi\n# This output is used by Xcode 'outputs' to avoid re-running this script phase.\necho \"SUCCESS\" > \"${SCRIPT_OUTPUT_FILE_0}\"\n";
			showEnvVarsInLog = 0;
		};
		2F5E4BA7CF4117629664872A /* [CP] Check Pods Manifest.lock */ = {
			isa = PBXShellScriptBuildPhase;
			buildActionMask = 2147483647;
			files = (
			);
			inputPaths = (
				"${PODS_PODFILE_DIR_PATH}/Podfile.lock",
				"${PODS_ROOT}/Manifest.lock",
			);
			name = "[CP] Check Pods Manifest.lock";
			outputPaths = (
				"$(DERIVED_FILE_DIR)/Pods-XPUIToolExample-checkManifestLockResult.txt",
			);
			runOnlyForDeploymentPostprocessing = 0;
			shellPath = /bin/sh;
			shellScript = "diff \"${PODS_PODFILE_DIR_PATH}/Podfile.lock\" \"${PODS_ROOT}/Manifest.lock\" > /dev/null\nif [ $? != 0 ] ; then\n    # print error to STDERR\n    echo \"error: The sandbox is not in sync with the Podfile.lock. Run 'pod install' or update your CocoaPods installation.\" >&2\n    exit 1\nfi\n# This output is used by Xcode 'outputs' to avoid re-running this script phase.\necho \"SUCCESS\" > \"${SCRIPT_OUTPUT_FILE_0}\"\n";
			showEnvVarsInLog = 0;
		};
		5B3656200742037D6E3B07C6 /* [CP] Check Pods Manifest.lock */ = {
			isa = PBXShellScriptBuildPhase;
			buildActionMask = 2147483647;
			files = (
			);
			inputPaths = (
				"${PODS_PODFILE_DIR_PATH}/Podfile.lock",
				"${PODS_ROOT}/Manifest.lock",
			);
			name = "[CP] Check Pods Manifest.lock";
			outputPaths = (
				"$(DERIVED_FILE_DIR)/Pods-XPUIToolExampleUITests-checkManifestLockResult.txt",
			);
			runOnlyForDeploymentPostprocessing = 0;
			shellPath = /bin/sh;
			shellScript = "diff \"${PODS_PODFILE_DIR_PATH}/Podfile.lock\" \"${PODS_ROOT}/Manifest.lock\" > /dev/null\nif [ $? != 0 ] ; then\n    # print error to STDERR\n    echo \"error: The sandbox is not in sync with the Podfile.lock. Run 'pod install' or update your CocoaPods installation.\" >&2\n    exit 1\nfi\n# This output is used by Xcode 'outputs' to avoid re-running this script phase.\necho \"SUCCESS\" > \"${SCRIPT_OUTPUT_FILE_0}\"\n";
			showEnvVarsInLog = 0;
		};
		97FAD2F3A7B4700F8B86B4D8 /* [CP] Check Pods Manifest.lock */ = {
			isa = PBXShellScriptBuildPhase;
			buildActionMask = 2147483647;
			files = (
			);
			inputFileListPaths = (
			);
			inputPaths = (
				"${PODS_PODFILE_DIR_PATH}/Podfile.lock",
				"${PODS_ROOT}/Manifest.lock",
			);
			name = "[CP] Check Pods Manifest.lock";
			outputFileListPaths = (
			);
			outputPaths = (
				"$(DERIVED_FILE_DIR)/Pods-XPUITool-checkManifestLockResult.txt",
			);
			runOnlyForDeploymentPostprocessing = 0;
			shellPath = /bin/sh;
			shellScript = "diff \"${PODS_PODFILE_DIR_PATH}/Podfile.lock\" \"${PODS_ROOT}/Manifest.lock\" > /dev/null\nif [ $? != 0 ] ; then\n    # print error to STDERR\n    echo \"error: The sandbox is not in sync with the Podfile.lock. Run 'pod install' or update your CocoaPods installation.\" >&2\n    exit 1\nfi\n# This output is used by Xcode 'outputs' to avoid re-running this script phase.\necho \"SUCCESS\" > \"${SCRIPT_OUTPUT_FILE_0}\"\n";
			showEnvVarsInLog = 0;
		};
		CF1F7B495ECFB6856109C3B4 /* [CP] Embed Pods Frameworks */ = {
			isa = PBXShellScriptBuildPhase;
			buildActionMask = 2147483647;
			files = (
			);
			inputPaths = (
				"${SRCROOT}/Pods/Target Support Files/Pods-XPUIToolExample/Pods-XPUIToolExample-frameworks.sh",
				"${BUILT_PRODUCTS_DIR}/SnapKit/SnapKit.framework",
				"${BUILT_PRODUCTS_DIR}/XPUtil/XPUtil.framework",
			);
			name = "[CP] Embed Pods Frameworks";
			outputPaths = (
				"${TARGET_BUILD_DIR}/${FRAMEWORKS_FOLDER_PATH}/SnapKit.framework",
				"${TARGET_BUILD_DIR}/${FRAMEWORKS_FOLDER_PATH}/XPUtil.framework",
			);
			runOnlyForDeploymentPostprocessing = 0;
			shellPath = /bin/sh;
			shellScript = "\"${SRCROOT}/Pods/Target Support Files/Pods-XPUIToolExample/Pods-XPUIToolExample-frameworks.sh\"\n";
			showEnvVarsInLog = 0;
		};
/* End PBXShellScriptBuildPhase section */

/* Begin PBXSourcesBuildPhase section */
		F606527320C12B9300DA2034 /* Sources */ = {
			isa = PBXSourcesBuildPhase;
			buildActionMask = 2147483647;
			files = (
				18403ED621B7D14400AD0CF4 /* TranslucentCircularButton.swift in Sources */,
				1812CA7A21BFD768003D6B40 /* XPSegmentTitleView.swift in Sources */,
				1812CA8F21C0F553003D6B40 /* ImageTitleDesView.swift in Sources */,
				F60652D020C12C9E00DA2034 /* XPCycleScrollView.swift in Sources */,
				F60652D120C12C9E00DA2034 /* TitleContentView.swift in Sources */,
				1812CA8221C0BCCA003D6B40 /* XPSlideViewController.swift in Sources */,
				18EC103321C232F20071824D /* TestVC1.swift in Sources */,
				1812CA8D21C0F53C003D6B40 /* TitleTextFeild.swift in Sources */,
				F606527D20C12B9300DA2034 /* ViewController.swift in Sources */,
				1812CA7E21C0A829003D6B40 /* XPPageContentView.swift in Sources */,
				F606527B20C12B9300DA2034 /* AppDelegate.swift in Sources */,
				F60652CF20C12C9E00DA2034 /* CountdownButton.swift in Sources */,
			);
			runOnlyForDeploymentPostprocessing = 0;
		};
		F606528720C12B9400DA2034 /* Sources */ = {
			isa = PBXSourcesBuildPhase;
			buildActionMask = 2147483647;
			files = (
				F606529020C12B9400DA2034 /* XPUIToolExampleTests.swift in Sources */,
			);
			runOnlyForDeploymentPostprocessing = 0;
		};
		F606529220C12B9400DA2034 /* Sources */ = {
			isa = PBXSourcesBuildPhase;
			buildActionMask = 2147483647;
			files = (
				F606529B20C12B9400DA2034 /* XPUIToolExampleUITests.swift in Sources */,
			);
			runOnlyForDeploymentPostprocessing = 0;
		};
		F60652A820C12C4600DA2034 /* Sources */ = {
			isa = PBXSourcesBuildPhase;
			buildActionMask = 2147483647;
			files = (
				F60652D920C12F4A00DA2034 /* TitleContentView.swift in Sources */,
				F60652DA20C12F4A00DA2034 /* XPCycleScrollView.swift in Sources */,
				F60652DB20C12F4A00DA2034 /* CountdownButton.swift in Sources */,
			);
			runOnlyForDeploymentPostprocessing = 0;
		};
		F60652B120C12C4600DA2034 /* Sources */ = {
			isa = PBXSourcesBuildPhase;
			buildActionMask = 2147483647;
			files = (
				F60652BD20C12C4600DA2034 /* XPUIToolTests.swift in Sources */,
			);
			runOnlyForDeploymentPostprocessing = 0;
		};
/* End PBXSourcesBuildPhase section */

/* Begin PBXTargetDependency section */
		F606528D20C12B9400DA2034 /* PBXTargetDependency */ = {
			isa = PBXTargetDependency;
			target = F606527620C12B9300DA2034 /* XPUIToolExample */;
			targetProxy = F606528C20C12B9400DA2034 /* PBXContainerItemProxy */;
		};
		F606529820C12B9400DA2034 /* PBXTargetDependency */ = {
			isa = PBXTargetDependency;
			target = F606527620C12B9300DA2034 /* XPUIToolExample */;
			targetProxy = F606529720C12B9400DA2034 /* PBXContainerItemProxy */;
		};
		F60652B820C12C4600DA2034 /* PBXTargetDependency */ = {
			isa = PBXTargetDependency;
			target = F60652AC20C12C4600DA2034 /* XPUITool */;
			targetProxy = F60652B720C12C4600DA2034 /* PBXContainerItemProxy */;
		};
		F60652BA20C12C4600DA2034 /* PBXTargetDependency */ = {
			isa = PBXTargetDependency;
			target = F606527620C12B9300DA2034 /* XPUIToolExample */;
			targetProxy = F60652B920C12C4600DA2034 /* PBXContainerItemProxy */;
		};
		F60652C120C12C4600DA2034 /* PBXTargetDependency */ = {
			isa = PBXTargetDependency;
			target = F60652AC20C12C4600DA2034 /* XPUITool */;
			targetProxy = F60652C020C12C4600DA2034 /* PBXContainerItemProxy */;
		};
/* End PBXTargetDependency section */

/* Begin PBXVariantGroup section */
		F606527E20C12B9300DA2034 /* Main.storyboard */ = {
			isa = PBXVariantGroup;
			children = (
				F606527F20C12B9300DA2034 /* Base */,
			);
			name = Main.storyboard;
			sourceTree = "<group>";
		};
		F606528320C12B9400DA2034 /* LaunchScreen.storyboard */ = {
			isa = PBXVariantGroup;
			children = (
				F606528420C12B9400DA2034 /* Base */,
			);
			name = LaunchScreen.storyboard;
			sourceTree = "<group>";
		};
/* End PBXVariantGroup section */

/* Begin XCBuildConfiguration section */
		F606529D20C12B9400DA2034 /* Debug */ = {
			isa = XCBuildConfiguration;
			buildSettings = {
				ALWAYS_SEARCH_USER_PATHS = NO;
				CLANG_ANALYZER_NONNULL = YES;
				CLANG_ANALYZER_NUMBER_OBJECT_CONVERSION = YES_AGGRESSIVE;
				CLANG_CXX_LANGUAGE_STANDARD = "gnu++14";
				CLANG_CXX_LIBRARY = "libc++";
				CLANG_ENABLE_MODULES = YES;
				CLANG_ENABLE_OBJC_ARC = YES;
				CLANG_ENABLE_OBJC_WEAK = YES;
				CLANG_WARN_BLOCK_CAPTURE_AUTORELEASING = YES;
				CLANG_WARN_BOOL_CONVERSION = YES;
				CLANG_WARN_COMMA = YES;
				CLANG_WARN_CONSTANT_CONVERSION = YES;
				CLANG_WARN_DEPRECATED_OBJC_IMPLEMENTATIONS = YES;
				CLANG_WARN_DIRECT_OBJC_ISA_USAGE = YES_ERROR;
				CLANG_WARN_DOCUMENTATION_COMMENTS = YES;
				CLANG_WARN_EMPTY_BODY = YES;
				CLANG_WARN_ENUM_CONVERSION = YES;
				CLANG_WARN_INFINITE_RECURSION = YES;
				CLANG_WARN_INT_CONVERSION = YES;
				CLANG_WARN_NON_LITERAL_NULL_CONVERSION = YES;
				CLANG_WARN_OBJC_IMPLICIT_RETAIN_SELF = YES;
				CLANG_WARN_OBJC_LITERAL_CONVERSION = YES;
				CLANG_WARN_OBJC_ROOT_CLASS = YES_ERROR;
				CLANG_WARN_RANGE_LOOP_ANALYSIS = YES;
				CLANG_WARN_STRICT_PROTOTYPES = YES;
				CLANG_WARN_SUSPICIOUS_MOVE = YES;
				CLANG_WARN_UNGUARDED_AVAILABILITY = YES_AGGRESSIVE;
				CLANG_WARN_UNREACHABLE_CODE = YES;
				CLANG_WARN__DUPLICATE_METHOD_MATCH = YES;
				CODE_SIGN_IDENTITY = "iPhone Developer";
				COPY_PHASE_STRIP = NO;
				DEBUG_INFORMATION_FORMAT = dwarf;
				ENABLE_STRICT_OBJC_MSGSEND = YES;
				ENABLE_TESTABILITY = YES;
				GCC_C_LANGUAGE_STANDARD = gnu11;
				GCC_DYNAMIC_NO_PIC = NO;
				GCC_NO_COMMON_BLOCKS = YES;
				GCC_OPTIMIZATION_LEVEL = 0;
				GCC_PREPROCESSOR_DEFINITIONS = (
					"DEBUG=1",
					"$(inherited)",
				);
				GCC_WARN_64_TO_32_BIT_CONVERSION = YES;
				GCC_WARN_ABOUT_RETURN_TYPE = YES_ERROR;
				GCC_WARN_UNDECLARED_SELECTOR = YES;
				GCC_WARN_UNINITIALIZED_AUTOS = YES_AGGRESSIVE;
				GCC_WARN_UNUSED_FUNCTION = YES;
				GCC_WARN_UNUSED_VARIABLE = YES;
				IPHONEOS_DEPLOYMENT_TARGET = 11.3;
				MTL_ENABLE_DEBUG_INFO = YES;
				ONLY_ACTIVE_ARCH = YES;
				SDKROOT = iphoneos;
				SWIFT_ACTIVE_COMPILATION_CONDITIONS = DEBUG;
				SWIFT_OPTIMIZATION_LEVEL = "-Onone";
			};
			name = Debug;
		};
		F606529E20C12B9400DA2034 /* Release */ = {
			isa = XCBuildConfiguration;
			buildSettings = {
				ALWAYS_SEARCH_USER_PATHS = NO;
				CLANG_ANALYZER_NONNULL = YES;
				CLANG_ANALYZER_NUMBER_OBJECT_CONVERSION = YES_AGGRESSIVE;
				CLANG_CXX_LANGUAGE_STANDARD = "gnu++14";
				CLANG_CXX_LIBRARY = "libc++";
				CLANG_ENABLE_MODULES = YES;
				CLANG_ENABLE_OBJC_ARC = YES;
				CLANG_ENABLE_OBJC_WEAK = YES;
				CLANG_WARN_BLOCK_CAPTURE_AUTORELEASING = YES;
				CLANG_WARN_BOOL_CONVERSION = YES;
				CLANG_WARN_COMMA = YES;
				CLANG_WARN_CONSTANT_CONVERSION = YES;
				CLANG_WARN_DEPRECATED_OBJC_IMPLEMENTATIONS = YES;
				CLANG_WARN_DIRECT_OBJC_ISA_USAGE = YES_ERROR;
				CLANG_WARN_DOCUMENTATION_COMMENTS = YES;
				CLANG_WARN_EMPTY_BODY = YES;
				CLANG_WARN_ENUM_CONVERSION = YES;
				CLANG_WARN_INFINITE_RECURSION = YES;
				CLANG_WARN_INT_CONVERSION = YES;
				CLANG_WARN_NON_LITERAL_NULL_CONVERSION = YES;
				CLANG_WARN_OBJC_IMPLICIT_RETAIN_SELF = YES;
				CLANG_WARN_OBJC_LITERAL_CONVERSION = YES;
				CLANG_WARN_OBJC_ROOT_CLASS = YES_ERROR;
				CLANG_WARN_RANGE_LOOP_ANALYSIS = YES;
				CLANG_WARN_STRICT_PROTOTYPES = YES;
				CLANG_WARN_SUSPICIOUS_MOVE = YES;
				CLANG_WARN_UNGUARDED_AVAILABILITY = YES_AGGRESSIVE;
				CLANG_WARN_UNREACHABLE_CODE = YES;
				CLANG_WARN__DUPLICATE_METHOD_MATCH = YES;
				CODE_SIGN_IDENTITY = "iPhone Developer";
				COPY_PHASE_STRIP = NO;
				DEBUG_INFORMATION_FORMAT = "dwarf-with-dsym";
				ENABLE_NS_ASSERTIONS = NO;
				ENABLE_STRICT_OBJC_MSGSEND = YES;
				GCC_C_LANGUAGE_STANDARD = gnu11;
				GCC_NO_COMMON_BLOCKS = YES;
				GCC_WARN_64_TO_32_BIT_CONVERSION = YES;
				GCC_WARN_ABOUT_RETURN_TYPE = YES_ERROR;
				GCC_WARN_UNDECLARED_SELECTOR = YES;
				GCC_WARN_UNINITIALIZED_AUTOS = YES_AGGRESSIVE;
				GCC_WARN_UNUSED_FUNCTION = YES;
				GCC_WARN_UNUSED_VARIABLE = YES;
				IPHONEOS_DEPLOYMENT_TARGET = 11.3;
				MTL_ENABLE_DEBUG_INFO = NO;
				SDKROOT = iphoneos;
				SWIFT_COMPILATION_MODE = wholemodule;
				SWIFT_OPTIMIZATION_LEVEL = "-O";
				VALIDATE_PRODUCT = YES;
			};
			name = Release;
		};
		F60652A020C12B9400DA2034 /* Debug */ = {
			isa = XCBuildConfiguration;
			baseConfigurationReference = BDE5BB00FD4B5CCBCFF8A4AB /* Pods-XPUIToolExample.debug.xcconfig */;
			buildSettings = {
				ALWAYS_EMBED_SWIFT_STANDARD_LIBRARIES = YES;
				ASSETCATALOG_COMPILER_APPICON_NAME = AppIcon;
				CODE_SIGN_STYLE = Automatic;
				INFOPLIST_FILE = XPUIToolExample/Info.plist;
				LD_RUNPATH_SEARCH_PATHS = (
					"$(inherited)",
					"@executable_path/Frameworks",
				);
				PRODUCT_BUNDLE_IDENTIFIER = com.worldunion.XPUIToolExample;
				PRODUCT_NAME = "$(TARGET_NAME)";
				SWIFT_VERSION = 4.0;
				TARGETED_DEVICE_FAMILY = "1,2";
			};
			name = Debug;
		};
		F60652A120C12B9400DA2034 /* Release */ = {
			isa = XCBuildConfiguration;
			baseConfigurationReference = 7AA6CF8F5E2EF15C2E861EA9 /* Pods-XPUIToolExample.release.xcconfig */;
			buildSettings = {
				ALWAYS_EMBED_SWIFT_STANDARD_LIBRARIES = YES;
				ASSETCATALOG_COMPILER_APPICON_NAME = AppIcon;
				CODE_SIGN_STYLE = Automatic;
				INFOPLIST_FILE = XPUIToolExample/Info.plist;
				LD_RUNPATH_SEARCH_PATHS = (
					"$(inherited)",
					"@executable_path/Frameworks",
				);
				PRODUCT_BUNDLE_IDENTIFIER = com.worldunion.XPUIToolExample;
				PRODUCT_NAME = "$(TARGET_NAME)";
				SWIFT_VERSION = 4.0;
				TARGETED_DEVICE_FAMILY = "1,2";
			};
			name = Release;
		};
		F60652A320C12B9400DA2034 /* Debug */ = {
			isa = XCBuildConfiguration;
			baseConfigurationReference = E288EC50CF8F3D6A91BA1745 /* Pods-XPUIToolExampleTests.debug.xcconfig */;
			buildSettings = {
				ALWAYS_EMBED_SWIFT_STANDARD_LIBRARIES = YES;
				BUNDLE_LOADER = "$(TEST_HOST)";
				CODE_SIGN_STYLE = Automatic;
				INFOPLIST_FILE = XPUIToolExampleTests/Info.plist;
				LD_RUNPATH_SEARCH_PATHS = (
					"$(inherited)",
					"@executable_path/Frameworks",
					"@loader_path/Frameworks",
				);
				PRODUCT_BUNDLE_IDENTIFIER = com.worldunion.XPUIToolExampleTests;
				PRODUCT_NAME = "$(TARGET_NAME)";
				SWIFT_VERSION = 4.0;
				TARGETED_DEVICE_FAMILY = "1,2";
				TEST_HOST = "$(BUILT_PRODUCTS_DIR)/XPUIToolExample.app/XPUIToolExample";
			};
			name = Debug;
		};
		F60652A420C12B9400DA2034 /* Release */ = {
			isa = XCBuildConfiguration;
			baseConfigurationReference = 10E1817E9D68BE6B70B06BAD /* Pods-XPUIToolExampleTests.release.xcconfig */;
			buildSettings = {
				ALWAYS_EMBED_SWIFT_STANDARD_LIBRARIES = YES;
				BUNDLE_LOADER = "$(TEST_HOST)";
				CODE_SIGN_STYLE = Automatic;
				INFOPLIST_FILE = XPUIToolExampleTests/Info.plist;
				LD_RUNPATH_SEARCH_PATHS = (
					"$(inherited)",
					"@executable_path/Frameworks",
					"@loader_path/Frameworks",
				);
				PRODUCT_BUNDLE_IDENTIFIER = com.worldunion.XPUIToolExampleTests;
				PRODUCT_NAME = "$(TARGET_NAME)";
				SWIFT_VERSION = 4.0;
				TARGETED_DEVICE_FAMILY = "1,2";
				TEST_HOST = "$(BUILT_PRODUCTS_DIR)/XPUIToolExample.app/XPUIToolExample";
			};
			name = Release;
		};
		F60652A620C12B9400DA2034 /* Debug */ = {
			isa = XCBuildConfiguration;
			baseConfigurationReference = 611B4A6BE11C3D201E26CE5C /* Pods-XPUIToolExampleUITests.debug.xcconfig */;
			buildSettings = {
				ALWAYS_EMBED_SWIFT_STANDARD_LIBRARIES = YES;
				CODE_SIGN_STYLE = Automatic;
				INFOPLIST_FILE = XPUIToolExampleUITests/Info.plist;
				LD_RUNPATH_SEARCH_PATHS = (
					"$(inherited)",
					"@executable_path/Frameworks",
					"@loader_path/Frameworks",
				);
				PRODUCT_BUNDLE_IDENTIFIER = com.worldunion.XPUIToolExampleUITests;
				PRODUCT_NAME = "$(TARGET_NAME)";
				SWIFT_VERSION = 4.0;
				TARGETED_DEVICE_FAMILY = "1,2";
				TEST_TARGET_NAME = XPUIToolExample;
			};
			name = Debug;
		};
		F60652A720C12B9400DA2034 /* Release */ = {
			isa = XCBuildConfiguration;
			baseConfigurationReference = C5A2E721B8925335F674EC08 /* Pods-XPUIToolExampleUITests.release.xcconfig */;
			buildSettings = {
				ALWAYS_EMBED_SWIFT_STANDARD_LIBRARIES = YES;
				CODE_SIGN_STYLE = Automatic;
				INFOPLIST_FILE = XPUIToolExampleUITests/Info.plist;
				LD_RUNPATH_SEARCH_PATHS = (
					"$(inherited)",
					"@executable_path/Frameworks",
					"@loader_path/Frameworks",
				);
				PRODUCT_BUNDLE_IDENTIFIER = com.worldunion.XPUIToolExampleUITests;
				PRODUCT_NAME = "$(TARGET_NAME)";
				SWIFT_VERSION = 4.0;
				TARGETED_DEVICE_FAMILY = "1,2";
				TEST_TARGET_NAME = XPUIToolExample;
			};
			name = Release;
		};
		F60652C420C12C4600DA2034 /* Debug */ = {
			isa = XCBuildConfiguration;
			baseConfigurationReference = 6072634C0F464C468F7CF63E /* Pods-XPUITool.debug.xcconfig */;
			buildSettings = {
				CODE_SIGN_IDENTITY = "";
				CODE_SIGN_STYLE = Automatic;
				CURRENT_PROJECT_VERSION = 1;
				DEFINES_MODULE = YES;
				DYLIB_COMPATIBILITY_VERSION = 1;
				DYLIB_CURRENT_VERSION = 1;
				DYLIB_INSTALL_NAME_BASE = "@rpath";
				INFOPLIST_FILE = XPUITool/Info.plist;
				INSTALL_PATH = "$(LOCAL_LIBRARY_DIR)/Frameworks";
				LD_RUNPATH_SEARCH_PATHS = (
					"$(inherited)",
					"@executable_path/Frameworks",
					"@loader_path/Frameworks",
				);
				PRODUCT_BUNDLE_IDENTIFIER = com.worldunion.XPUITool;
				PRODUCT_NAME = "$(TARGET_NAME:c99extidentifier)";
				SKIP_INSTALL = YES;
				SWIFT_VERSION = 4.0;
				TARGETED_DEVICE_FAMILY = "1,2";
				VERSIONING_SYSTEM = "apple-generic";
				VERSION_INFO_PREFIX = "";
			};
			name = Debug;
		};
		F60652C520C12C4600DA2034 /* Release */ = {
			isa = XCBuildConfiguration;
			baseConfigurationReference = C12C79EEBA5DA23FBB01B791 /* Pods-XPUITool.release.xcconfig */;
			buildSettings = {
				CODE_SIGN_IDENTITY = "";
				CODE_SIGN_STYLE = Automatic;
				CURRENT_PROJECT_VERSION = 1;
				DEFINES_MODULE = YES;
				DYLIB_COMPATIBILITY_VERSION = 1;
				DYLIB_CURRENT_VERSION = 1;
				DYLIB_INSTALL_NAME_BASE = "@rpath";
				INFOPLIST_FILE = XPUITool/Info.plist;
				INSTALL_PATH = "$(LOCAL_LIBRARY_DIR)/Frameworks";
				LD_RUNPATH_SEARCH_PATHS = (
					"$(inherited)",
					"@executable_path/Frameworks",
					"@loader_path/Frameworks",
				);
				PRODUCT_BUNDLE_IDENTIFIER = com.worldunion.XPUITool;
				PRODUCT_NAME = "$(TARGET_NAME:c99extidentifier)";
				SKIP_INSTALL = YES;
				SWIFT_VERSION = 4.0;
				TARGETED_DEVICE_FAMILY = "1,2";
				VERSIONING_SYSTEM = "apple-generic";
				VERSION_INFO_PREFIX = "";
			};
			name = Release;
		};
		F60652C620C12C4600DA2034 /* Debug */ = {
			isa = XCBuildConfiguration;
			buildSettings = {
				ALWAYS_EMBED_SWIFT_STANDARD_LIBRARIES = YES;
				CODE_SIGN_STYLE = Automatic;
				INFOPLIST_FILE = XPUIToolTests/Info.plist;
				LD_RUNPATH_SEARCH_PATHS = (
					"$(inherited)",
					"@executable_path/Frameworks",
					"@loader_path/Frameworks",
				);
				PRODUCT_BUNDLE_IDENTIFIER = com.worldunion.XPUIToolTests;
				PRODUCT_NAME = "$(TARGET_NAME)";
				SWIFT_VERSION = 4.0;
				TARGETED_DEVICE_FAMILY = "1,2";
				TEST_HOST = "$(BUILT_PRODUCTS_DIR)/XPUIToolExample.app/XPUIToolExample";
			};
			name = Debug;
		};
		F60652C720C12C4600DA2034 /* Release */ = {
			isa = XCBuildConfiguration;
			buildSettings = {
				ALWAYS_EMBED_SWIFT_STANDARD_LIBRARIES = YES;
				CODE_SIGN_STYLE = Automatic;
				INFOPLIST_FILE = XPUIToolTests/Info.plist;
				LD_RUNPATH_SEARCH_PATHS = (
					"$(inherited)",
					"@executable_path/Frameworks",
					"@loader_path/Frameworks",
				);
				PRODUCT_BUNDLE_IDENTIFIER = com.worldunion.XPUIToolTests;
				PRODUCT_NAME = "$(TARGET_NAME)";
				SWIFT_VERSION = 4.0;
				TARGETED_DEVICE_FAMILY = "1,2";
				TEST_HOST = "$(BUILT_PRODUCTS_DIR)/XPUIToolExample.app/XPUIToolExample";
			};
			name = Release;
		};
/* End XCBuildConfiguration section */

/* Begin XCConfigurationList section */
		F606527220C12B9300DA2034 /* Build configuration list for PBXProject "XPUIToolExample" */ = {
			isa = XCConfigurationList;
			buildConfigurations = (
				F606529D20C12B9400DA2034 /* Debug */,
				F606529E20C12B9400DA2034 /* Release */,
			);
			defaultConfigurationIsVisible = 0;
			defaultConfigurationName = Release;
		};
		F606529F20C12B9400DA2034 /* Build configuration list for PBXNativeTarget "XPUIToolExample" */ = {
			isa = XCConfigurationList;
			buildConfigurations = (
				F60652A020C12B9400DA2034 /* Debug */,
				F60652A120C12B9400DA2034 /* Release */,
			);
			defaultConfigurationIsVisible = 0;
			defaultConfigurationName = Release;
		};
		F60652A220C12B9400DA2034 /* Build configuration list for PBXNativeTarget "XPUIToolExampleTests" */ = {
			isa = XCConfigurationList;
			buildConfigurations = (
				F60652A320C12B9400DA2034 /* Debug */,
				F60652A420C12B9400DA2034 /* Release */,
			);
			defaultConfigurationIsVisible = 0;
			defaultConfigurationName = Release;
		};
		F60652A520C12B9400DA2034 /* Build configuration list for PBXNativeTarget "XPUIToolExampleUITests" */ = {
			isa = XCConfigurationList;
			buildConfigurations = (
				F60652A620C12B9400DA2034 /* Debug */,
				F60652A720C12B9400DA2034 /* Release */,
			);
			defaultConfigurationIsVisible = 0;
			defaultConfigurationName = Release;
		};
		F60652C820C12C4600DA2034 /* Build configuration list for PBXNativeTarget "XPUITool" */ = {
			isa = XCConfigurationList;
			buildConfigurations = (
				F60652C420C12C4600DA2034 /* Debug */,
				F60652C520C12C4600DA2034 /* Release */,
			);
			defaultConfigurationIsVisible = 0;
			defaultConfigurationName = Release;
		};
		F60652CA20C12C4600DA2034 /* Build configuration list for PBXNativeTarget "XPUIToolTests" */ = {
			isa = XCConfigurationList;
			buildConfigurations = (
				F60652C620C12C4600DA2034 /* Debug */,
				F60652C720C12C4600DA2034 /* Release */,
			);
			defaultConfigurationIsVisible = 0;
			defaultConfigurationName = Release;
		};
/* End XCConfigurationList section */
	};
	rootObject = F606526F20C12B9300DA2034 /* Project object */;
}
