// !$*UTF8*$!
{
	archiveVersion = 1;
	classes = {
	};
	objectVersion = 50;
	objects = {

/* Begin PBXBuildFile section */
		2C6FFEBA8341F8AF862A840F /* Pods_XPUIToolExample.framework in Frameworks */ = {isa = PBXBuildFile; fileRef = EBDF25566B3B8004DB35D678 /* Pods_XPUIToolExample.framework */; };
		7B2304628F91A14B4C50068E /* Pods_XPUIToolExampleTests.framework in Frameworks */ = {isa = PBXBuildFile; fileRef = 1C144A60CF23A9E3526074B6 /* Pods_XPUIToolExampleTests.framework */; };
		E11041279783D0E3334EF7B5 /* Pods_XPUIToolExampleUITests.framework in Frameworks */ = {isa = PBXBuildFile; fileRef = 9079B9D8C4BD0A2C347E0075 /* Pods_XPUIToolExampleUITests.framework */; };
		F68D27A320B2B3880021F74D /* AppDelegate.swift in Sources */ = {isa = PBXBuildFile; fileRef = F68D27A220B2B3880021F74D /* AppDelegate.swift */; };
		F68D27A520B2B3880021F74D /* ViewController.swift in Sources */ = {isa = PBXBuildFile; fileRef = F68D27A420B2B3880021F74D /* ViewController.swift */; };
		F68D27A820B2B3880021F74D /* Main.storyboard in Resources */ = {isa = PBXBuildFile; fileRef = F68D27A620B2B3880021F74D /* Main.storyboard */; };
		F68D27AA20B2B3890021F74D /* Assets.xcassets in Resources */ = {isa = PBXBuildFile; fileRef = F68D27A920B2B3890021F74D /* Assets.xcassets */; };
		F68D27AD20B2B3890021F74D /* LaunchScreen.storyboard in Resources */ = {isa = PBXBuildFile; fileRef = F68D27AB20B2B3890021F74D /* LaunchScreen.storyboard */; };
		F68D27B820B2B3890021F74D /* XPUIToolExampleTests.swift in Sources */ = {isa = PBXBuildFile; fileRef = F68D27B720B2B3890021F74D /* XPUIToolExampleTests.swift */; };
		F68D27C320B2B3890021F74D /* XPUIToolExampleUITests.swift in Sources */ = {isa = PBXBuildFile; fileRef = F68D27C220B2B3890021F74D /* XPUIToolExampleUITests.swift */; };
		F68D27D220B2B6D90021F74D /* CountdownButton.swift in Sources */ = {isa = PBXBuildFile; fileRef = F68D27D120B2B6D90021F74D /* CountdownButton.swift */; };
		F68D27D620B2C5FA0021F74D /* TitleContentView.swift in Sources */ = {isa = PBXBuildFile; fileRef = F68D27D520B2C5FA0021F74D /* TitleContentView.swift */; };
/* End PBXBuildFile section */

/* Begin PBXContainerItemProxy section */
		F68D27B420B2B3890021F74D /* PBXContainerItemProxy */ = {
			isa = PBXContainerItemProxy;
			containerPortal = F68D279720B2B3870021F74D /* Project object */;
			proxyType = 1;
			remoteGlobalIDString = F68D279E20B2B3880021F74D;
			remoteInfo = XPUIToolExample;
		};
		F68D27BF20B2B3890021F74D /* PBXContainerItemProxy */ = {
			isa = PBXContainerItemProxy;
			containerPortal = F68D279720B2B3870021F74D /* Project object */;
			proxyType = 1;
			remoteGlobalIDString = F68D279E20B2B3880021F74D;
			remoteInfo = XPUIToolExample;
		};
/* End PBXContainerItemProxy section */

/* Begin PBXFileReference section */
		1C144A60CF23A9E3526074B6 /* Pods_XPUIToolExampleTests.framework */ = {isa = PBXFileReference; explicitFileType = wrapper.framework; includeInIndex = 0; path = Pods_XPUIToolExampleTests.framework; sourceTree = BUILT_PRODUCTS_DIR; };
		3585FFE2554E97224A797CE4 /* Pods-XPUIToolExampleTests.release.xcconfig */ = {isa = PBXFileReference; includeInIndex = 1; lastKnownFileType = text.xcconfig; name = "Pods-XPUIToolExampleTests.release.xcconfig"; path = "Pods/Target Support Files/Pods-XPUIToolExampleTests/Pods-XPUIToolExampleTests.release.xcconfig"; sourceTree = "<group>"; };
		8390EC77F505795BA494B927 /* Pods-XPUIToolExampleTests.debug.xcconfig */ = {isa = PBXFileReference; includeInIndex = 1; lastKnownFileType = text.xcconfig; name = "Pods-XPUIToolExampleTests.debug.xcconfig"; path = "Pods/Target Support Files/Pods-XPUIToolExampleTests/Pods-XPUIToolExampleTests.debug.xcconfig"; sourceTree = "<group>"; };
		8EEBAC0D16FC2463CEFB121F /* Pods-XPUIToolExample.release.xcconfig */ = {isa = PBXFileReference; includeInIndex = 1; lastKnownFileType = text.xcconfig; name = "Pods-XPUIToolExample.release.xcconfig"; path = "Pods/Target Support Files/Pods-XPUIToolExample/Pods-XPUIToolExample.release.xcconfig"; sourceTree = "<group>"; };
		9079B9D8C4BD0A2C347E0075 /* Pods_XPUIToolExampleUITests.framework */ = {isa = PBXFileReference; explicitFileType = wrapper.framework; includeInIndex = 0; path = Pods_XPUIToolExampleUITests.framework; sourceTree = BUILT_PRODUCTS_DIR; };
		A5F4FD931226612E0AD8AB05 /* Pods-XPUIToolExampleUITests.release.xcconfig */ = {isa = PBXFileReference; includeInIndex = 1; lastKnownFileType = text.xcconfig; name = "Pods-XPUIToolExampleUITests.release.xcconfig"; path = "Pods/Target Support Files/Pods-XPUIToolExampleUITests/Pods-XPUIToolExampleUITests.release.xcconfig"; sourceTree = "<group>"; };
		B6A0A5A2B7C04D42632EFB18 /* Pods-XPUIToolExampleUITests.debug.xcconfig */ = {isa = PBXFileReference; includeInIndex = 1; lastKnownFileType = text.xcconfig; name = "Pods-XPUIToolExampleUITests.debug.xcconfig"; path = "Pods/Target Support Files/Pods-XPUIToolExampleUITests/Pods-XPUIToolExampleUITests.debug.xcconfig"; sourceTree = "<group>"; };
		DE30E0795FB0FDD4E2AA815D /* Pods-XPUIToolExample.debug.xcconfig */ = {isa = PBXFileReference; includeInIndex = 1; lastKnownFileType = text.xcconfig; name = "Pods-XPUIToolExample.debug.xcconfig"; path = "Pods/Target Support Files/Pods-XPUIToolExample/Pods-XPUIToolExample.debug.xcconfig"; sourceTree = "<group>"; };
		EBDF25566B3B8004DB35D678 /* Pods_XPUIToolExample.framework */ = {isa = PBXFileReference; explicitFileType = wrapper.framework; includeInIndex = 0; path = Pods_XPUIToolExample.framework; sourceTree = BUILT_PRODUCTS_DIR; };
		F68D279F20B2B3880021F74D /* XPUIToolExample.app */ = {isa = PBXFileReference; explicitFileType = wrapper.application; includeInIndex = 0; path = XPUIToolExample.app; sourceTree = BUILT_PRODUCTS_DIR; };
		F68D27A220B2B3880021F74D /* AppDelegate.swift */ = {isa = PBXFileReference; lastKnownFileType = sourcecode.swift; path = AppDelegate.swift; sourceTree = "<group>"; };
		F68D27A420B2B3880021F74D /* ViewController.swift */ = {isa = PBXFileReference; lastKnownFileType = sourcecode.swift; path = ViewController.swift; sourceTree = "<group>"; };
		F68D27A720B2B3880021F74D /* Base */ = {isa = PBXFileReference; lastKnownFileType = file.storyboard; name = Base; path = Base.lproj/Main.storyboard; sourceTree = "<group>"; };
		F68D27A920B2B3890021F74D /* Assets.xcassets */ = {isa = PBXFileReference; lastKnownFileType = folder.assetcatalog; path = Assets.xcassets; sourceTree = "<group>"; };
		F68D27AC20B2B3890021F74D /* Base */ = {isa = PBXFileReference; lastKnownFileType = file.storyboard; name = Base; path = Base.lproj/LaunchScreen.storyboard; sourceTree = "<group>"; };
		F68D27AE20B2B3890021F74D /* Info.plist */ = {isa = PBXFileReference; lastKnownFileType = text.plist.xml; path = Info.plist; sourceTree = "<group>"; };
		F68D27B320B2B3890021F74D /* XPUIToolExampleTests.xctest */ = {isa = PBXFileReference; explicitFileType = wrapper.cfbundle; includeInIndex = 0; path = XPUIToolExampleTests.xctest; sourceTree = BUILT_PRODUCTS_DIR; };
		F68D27B720B2B3890021F74D /* XPUIToolExampleTests.swift */ = {isa = PBXFileReference; lastKnownFileType = sourcecode.swift; path = XPUIToolExampleTests.swift; sourceTree = "<group>"; };
		F68D27B920B2B3890021F74D /* Info.plist */ = {isa = PBXFileReference; lastKnownFileType = text.plist.xml; path = Info.plist; sourceTree = "<group>"; };
		F68D27BE20B2B3890021F74D /* XPUIToolExampleUITests.xctest */ = {isa = PBXFileReference; explicitFileType = wrapper.cfbundle; includeInIndex = 0; path = XPUIToolExampleUITests.xctest; sourceTree = BUILT_PRODUCTS_DIR; };
		F68D27C220B2B3890021F74D /* XPUIToolExampleUITests.swift */ = {isa = PBXFileReference; lastKnownFileType = sourcecode.swift; path = XPUIToolExampleUITests.swift; sourceTree = "<group>"; };
		F68D27C420B2B3890021F74D /* Info.plist */ = {isa = PBXFileReference; lastKnownFileType = text.plist.xml; path = Info.plist; sourceTree = "<group>"; };
		F68D27D120B2B6D90021F74D /* CountdownButton.swift */ = {isa = PBXFileReference; fileEncoding = 4; lastKnownFileType = sourcecode.swift; path = CountdownButton.swift; sourceTree = "<group>"; };
		F68D27D520B2C5FA0021F74D /* TitleContentView.swift */ = {isa = PBXFileReference; lastKnownFileType = sourcecode.swift; path = TitleContentView.swift; sourceTree = "<group>"; };
/* End PBXFileReference section */

/* Begin PBXFrameworksBuildPhase section */
		F68D279C20B2B3880021F74D /* Frameworks */ = {
			isa = PBXFrameworksBuildPhase;
			buildActionMask = 2147483647;
			files = (
				2C6FFEBA8341F8AF862A840F /* Pods_XPUIToolExample.framework in Frameworks */,
			);
			runOnlyForDeploymentPostprocessing = 0;
		};
		F68D27B020B2B3890021F74D /* Frameworks */ = {
			isa = PBXFrameworksBuildPhase;
			buildActionMask = 2147483647;
			files = (
				7B2304628F91A14B4C50068E /* Pods_XPUIToolExampleTests.framework in Frameworks */,
			);
			runOnlyForDeploymentPostprocessing = 0;
		};
		F68D27BB20B2B3890021F74D /* Frameworks */ = {
			isa = PBXFrameworksBuildPhase;
			buildActionMask = 2147483647;
			files = (
				E11041279783D0E3334EF7B5 /* Pods_XPUIToolExampleUITests.framework in Frameworks */,
			);
			runOnlyForDeploymentPostprocessing = 0;
		};
/* End PBXFrameworksBuildPhase section */

/* Begin PBXGroup section */
		188100DD61393190B31A02BD /* Pods */ = {
			isa = PBXGroup;
			children = (
				DE30E0795FB0FDD4E2AA815D /* Pods-XPUIToolExample.debug.xcconfig */,
				8EEBAC0D16FC2463CEFB121F /* Pods-XPUIToolExample.release.xcconfig */,
				8390EC77F505795BA494B927 /* Pods-XPUIToolExampleTests.debug.xcconfig */,
				3585FFE2554E97224A797CE4 /* Pods-XPUIToolExampleTests.release.xcconfig */,
				B6A0A5A2B7C04D42632EFB18 /* Pods-XPUIToolExampleUITests.debug.xcconfig */,
				A5F4FD931226612E0AD8AB05 /* Pods-XPUIToolExampleUITests.release.xcconfig */,
			);
			name = Pods;
			sourceTree = "<group>";
		};
		81D38ECC693163F67F450C1F /* Frameworks */ = {
			isa = PBXGroup;
			children = (
				EBDF25566B3B8004DB35D678 /* Pods_XPUIToolExample.framework */,
				1C144A60CF23A9E3526074B6 /* Pods_XPUIToolExampleTests.framework */,
				9079B9D8C4BD0A2C347E0075 /* Pods_XPUIToolExampleUITests.framework */,
			);
			name = Frameworks;
			sourceTree = "<group>";
		};
		F68D279620B2B3870021F74D = {
			isa = PBXGroup;
			children = (
				F68D27D020B2B4490021F74D /* XPUITool */,
				F68D27A120B2B3880021F74D /* XPUIToolExample */,
				F68D27B620B2B3890021F74D /* XPUIToolExampleTests */,
				F68D27C120B2B3890021F74D /* XPUIToolExampleUITests */,
				F68D27A020B2B3880021F74D /* Products */,
				188100DD61393190B31A02BD /* Pods */,
				81D38ECC693163F67F450C1F /* Frameworks */,
			);
			sourceTree = "<group>";
		};
		F68D27A020B2B3880021F74D /* Products */ = {
			isa = PBXGroup;
			children = (
				F68D279F20B2B3880021F74D /* XPUIToolExample.app */,
				F68D27B320B2B3890021F74D /* XPUIToolExampleTests.xctest */,
				F68D27BE20B2B3890021F74D /* XPUIToolExampleUITests.xctest */,
			);
			name = Products;
			sourceTree = "<group>";
		};
		F68D27A120B2B3880021F74D /* XPUIToolExample */ = {
			isa = PBXGroup;
			children = (
				F68D27A220B2B3880021F74D /* AppDelegate.swift */,
				F68D27A420B2B3880021F74D /* ViewController.swift */,
				F68D27A620B2B3880021F74D /* Main.storyboard */,
				F68D27A920B2B3890021F74D /* Assets.xcassets */,
				F68D27AB20B2B3890021F74D /* LaunchScreen.storyboard */,
				F68D27AE20B2B3890021F74D /* Info.plist */,
			);
			path = XPUIToolExample;
			sourceTree = "<group>";
		};
		F68D27B620B2B3890021F74D /* XPUIToolExampleTests */ = {
			isa = PBXGroup;
			children = (
				F68D27B720B2B3890021F74D /* XPUIToolExampleTests.swift */,
				F68D27B920B2B3890021F74D /* Info.plist */,
			);
			path = XPUIToolExampleTests;
			sourceTree = "<group>";
		};
		F68D27C120B2B3890021F74D /* XPUIToolExampleUITests */ = {
			isa = PBXGroup;
			children = (
				F68D27C220B2B3890021F74D /* XPUIToolExampleUITests.swift */,
				F68D27C420B2B3890021F74D /* Info.plist */,
			);
			path = XPUIToolExampleUITests;
			sourceTree = "<group>";
		};
		F68D27D020B2B4490021F74D /* XPUITool */ = {
			isa = PBXGroup;
			children = (
				F68D27D120B2B6D90021F74D /* CountdownButton.swift */,
				F68D27D520B2C5FA0021F74D /* TitleContentView.swift */,
			);
			path = XPUITool;
			sourceTree = "<group>";
		};
/* End PBXGroup section */

/* Begin PBXNativeTarget section */
		F68D279E20B2B3880021F74D /* XPUIToolExample */ = {
			isa = PBXNativeTarget;
			buildConfigurationList = F68D27C720B2B3890021F74D /* Build configuration list for PBXNativeTarget "XPUIToolExample" */;
			buildPhases = (
				C9F57FBA6FAE99C7F5EE86E6 /* [CP] Check Pods Manifest.lock */,
				F68D279B20B2B3880021F74D /* Sources */,
				F68D279C20B2B3880021F74D /* Frameworks */,
				F68D279D20B2B3880021F74D /* Resources */,
				BF50B844C96AF74D51435287 /* [CP] Embed Pods Frameworks */,
			);
			buildRules = (
			);
			dependencies = (
			);
			name = XPUIToolExample;
			productName = XPUIToolExample;
			productReference = F68D279F20B2B3880021F74D /* XPUIToolExample.app */;
			productType = "com.apple.product-type.application";
		};
		F68D27B220B2B3890021F74D /* XPUIToolExampleTests */ = {
			isa = PBXNativeTarget;
			buildConfigurationList = F68D27CA20B2B3890021F74D /* Build configuration list for PBXNativeTarget "XPUIToolExampleTests" */;
			buildPhases = (
				62C1407F155E24730B16412E /* [CP] Check Pods Manifest.lock */,
				F68D27AF20B2B3890021F74D /* Sources */,
				F68D27B020B2B3890021F74D /* Frameworks */,
				F68D27B120B2B3890021F74D /* Resources */,
			);
			buildRules = (
			);
			dependencies = (
				F68D27B520B2B3890021F74D /* PBXTargetDependency */,
			);
			name = XPUIToolExampleTests;
			productName = XPUIToolExampleTests;
			productReference = F68D27B320B2B3890021F74D /* XPUIToolExampleTests.xctest */;
			productType = "com.apple.product-type.bundle.unit-test";
		};
		F68D27BD20B2B3890021F74D /* XPUIToolExampleUITests */ = {
			isa = PBXNativeTarget;
			buildConfigurationList = F68D27CD20B2B3890021F74D /* Build configuration list for PBXNativeTarget "XPUIToolExampleUITests" */;
			buildPhases = (
				488663889B5DF39ECE8CDB8C /* [CP] Check Pods Manifest.lock */,
				F68D27BA20B2B3890021F74D /* Sources */,
				F68D27BB20B2B3890021F74D /* Frameworks */,
				F68D27BC20B2B3890021F74D /* Resources */,
			);
			buildRules = (
			);
			dependencies = (
				F68D27C020B2B3890021F74D /* PBXTargetDependency */,
			);
			name = XPUIToolExampleUITests;
			productName = XPUIToolExampleUITests;
			productReference = F68D27BE20B2B3890021F74D /* XPUIToolExampleUITests.xctest */;
			productType = "com.apple.product-type.bundle.ui-testing";
		};
/* End PBXNativeTarget section */

/* Begin PBXProject section */
		F68D279720B2B3870021F74D /* Project object */ = {
			isa = PBXProject;
			attributes = {
				LastSwiftUpdateCheck = 0930;
				LastUpgradeCheck = 0930;
				ORGANIZATIONNAME = worldunion;
				TargetAttributes = {
					F68D279E20B2B3880021F74D = {
						CreatedOnToolsVersion = 9.3;
					};
					F68D27B220B2B3890021F74D = {
						CreatedOnToolsVersion = 9.3;
						TestTargetID = F68D279E20B2B3880021F74D;
					};
					F68D27BD20B2B3890021F74D = {
						CreatedOnToolsVersion = 9.3;
						TestTargetID = F68D279E20B2B3880021F74D;
					};
				};
			};
			buildConfigurationList = F68D279A20B2B3870021F74D /* Build configuration list for PBXProject "XPUIToolExample" */;
			compatibilityVersion = "Xcode 9.3";
			developmentRegion = en;
			hasScannedForEncodings = 0;
			knownRegions = (
				en,
				Base,
			);
			mainGroup = F68D279620B2B3870021F74D;
			productRefGroup = F68D27A020B2B3880021F74D /* Products */;
			projectDirPath = "";
			projectRoot = "";
			targets = (
				F68D279E20B2B3880021F74D /* XPUIToolExample */,
				F68D27B220B2B3890021F74D /* XPUIToolExampleTests */,
				F68D27BD20B2B3890021F74D /* XPUIToolExampleUITests */,
			);
		};
/* End PBXProject section */

/* Begin PBXResourcesBuildPhase section */
		F68D279D20B2B3880021F74D /* Resources */ = {
			isa = PBXResourcesBuildPhase;
			buildActionMask = 2147483647;
			files = (
				F68D27AD20B2B3890021F74D /* LaunchScreen.storyboard in Resources */,
				F68D27AA20B2B3890021F74D /* Assets.xcassets in Resources */,
				F68D27A820B2B3880021F74D /* Main.storyboard in Resources */,
			);
			runOnlyForDeploymentPostprocessing = 0;
		};
		F68D27B120B2B3890021F74D /* Resources */ = {
			isa = PBXResourcesBuildPhase;
			buildActionMask = 2147483647;
			files = (
			);
			runOnlyForDeploymentPostprocessing = 0;
		};
		F68D27BC20B2B3890021F74D /* Resources */ = {
			isa = PBXResourcesBuildPhase;
			buildActionMask = 2147483647;
			files = (
			);
			runOnlyForDeploymentPostprocessing = 0;
		};
/* End PBXResourcesBuildPhase section */

/* Begin PBXShellScriptBuildPhase section */
		488663889B5DF39ECE8CDB8C /* [CP] Check Pods Manifest.lock */ = {
			isa = PBXShellScriptBuildPhase;
			buildActionMask = 2147483647;
			files = (
			);
			inputPaths = (
				"${PODS_PODFILE_DIR_PATH}/Podfile.lock",
				"${PODS_ROOT}/Manifest.lock",
			);
			name = "[CP] Check Pods Manifest.lock";
			outputPaths = (
				"$(DERIVED_FILE_DIR)/Pods-XPUIToolExampleUITests-checkManifestLockResult.txt",
			);
			runOnlyForDeploymentPostprocessing = 0;
			shellPath = /bin/sh;
			shellScript = "diff \"${PODS_PODFILE_DIR_PATH}/Podfile.lock\" \"${PODS_ROOT}/Manifest.lock\" > /dev/null\nif [ $? != 0 ] ; then\n    # print error to STDERR\n    echo \"error: The sandbox is not in sync with the Podfile.lock. Run 'pod install' or update your CocoaPods installation.\" >&2\n    exit 1\nfi\n# This output is used by Xcode 'outputs' to avoid re-running this script phase.\necho \"SUCCESS\" > \"${SCRIPT_OUTPUT_FILE_0}\"\n";
			showEnvVarsInLog = 0;
		};
		62C1407F155E24730B16412E /* [CP] Check Pods Manifest.lock */ = {
			isa = PBXShellScriptBuildPhase;
			buildActionMask = 2147483647;
			files = (
			);
			inputPaths = (
				"${PODS_PODFILE_DIR_PATH}/Podfile.lock",
				"${PODS_ROOT}/Manifest.lock",
			);
			name = "[CP] Check Pods Manifest.lock";
			outputPaths = (
				"$(DERIVED_FILE_DIR)/Pods-XPUIToolExampleTests-checkManifestLockResult.txt",
			);
			runOnlyForDeploymentPostprocessing = 0;
			shellPath = /bin/sh;
			shellScript = "diff \"${PODS_PODFILE_DIR_PATH}/Podfile.lock\" \"${PODS_ROOT}/Manifest.lock\" > /dev/null\nif [ $? != 0 ] ; then\n    # print error to STDERR\n    echo \"error: The sandbox is not in sync with the Podfile.lock. Run 'pod install' or update your CocoaPods installation.\" >&2\n    exit 1\nfi\n# This output is used by Xcode 'outputs' to avoid re-running this script phase.\necho \"SUCCESS\" > \"${SCRIPT_OUTPUT_FILE_0}\"\n";
			showEnvVarsInLog = 0;
		};
		BF50B844C96AF74D51435287 /* [CP] Embed Pods Frameworks */ = {
			isa = PBXShellScriptBuildPhase;
			buildActionMask = 2147483647;
			files = (
			);
			inputPaths = (
				"${SRCROOT}/Pods/Target Support Files/Pods-XPUIToolExample/Pods-XPUIToolExample-frameworks.sh",
				"${BUILT_PRODUCTS_DIR}/SnapKit/SnapKit.framework",
				"${BUILT_PRODUCTS_DIR}/XPUtil/XPUtil.framework",
			);
			name = "[CP] Embed Pods Frameworks";
			outputPaths = (
				"${TARGET_BUILD_DIR}/${FRAMEWORKS_FOLDER_PATH}/SnapKit.framework",
				"${TARGET_BUILD_DIR}/${FRAMEWORKS_FOLDER_PATH}/XPUtil.framework",
			);
			runOnlyForDeploymentPostprocessing = 0;
			shellPath = /bin/sh;
			shellScript = "\"${SRCROOT}/Pods/Target Support Files/Pods-XPUIToolExample/Pods-XPUIToolExample-frameworks.sh\"\n";
			showEnvVarsInLog = 0;
		};
		C9F57FBA6FAE99C7F5EE86E6 /* [CP] Check Pods Manifest.lock */ = {
			isa = PBXShellScriptBuildPhase;
			buildActionMask = 2147483647;
			files = (
			);
			inputPaths = (
				"${PODS_PODFILE_DIR_PATH}/Podfile.lock",
				"${PODS_ROOT}/Manifest.lock",
			);
			name = "[CP] Check Pods Manifest.lock";
			outputPaths = (
				"$(DERIVED_FILE_DIR)/Pods-XPUIToolExample-checkManifestLockResult.txt",
			);
			runOnlyForDeploymentPostprocessing = 0;
			shellPath = /bin/sh;
			shellScript = "diff \"${PODS_PODFILE_DIR_PATH}/Podfile.lock\" \"${PODS_ROOT}/Manifest.lock\" > /dev/null\nif [ $? != 0 ] ; then\n    # print error to STDERR\n    echo \"error: The sandbox is not in sync with the Podfile.lock. Run 'pod install' or update your CocoaPods installation.\" >&2\n    exit 1\nfi\n# This output is used by Xcode 'outputs' to avoid re-running this script phase.\necho \"SUCCESS\" > \"${SCRIPT_OUTPUT_FILE_0}\"\n";
			showEnvVarsInLog = 0;
		};
/* End PBXShellScriptBuildPhase section */

/* Begin PBXSourcesBuildPhase section */
		F68D279B20B2B3880021F74D /* Sources */ = {
			isa = PBXSourcesBuildPhase;
			buildActionMask = 2147483647;
			files = (
				F68D27A520B2B3880021F74D /* ViewController.swift in Sources */,
				F68D27D620B2C5FA0021F74D /* TitleContentView.swift in Sources */,
				F68D27A320B2B3880021F74D /* AppDelegate.swift in Sources */,
				F68D27D220B2B6D90021F74D /* CountdownButton.swift in Sources */,
			);
			runOnlyForDeploymentPostprocessing = 0;
		};
		F68D27AF20B2B3890021F74D /* Sources */ = {
			isa = PBXSourcesBuildPhase;
			buildActionMask = 2147483647;
			files = (
				F68D27B820B2B3890021F74D /* XPUIToolExampleTests.swift in Sources */,
			);
			runOnlyForDeploymentPostprocessing = 0;
		};
		F68D27BA20B2B3890021F74D /* Sources */ = {
			isa = PBXSourcesBuildPhase;
			buildActionMask = 2147483647;
			files = (
				F68D27C320B2B3890021F74D /* XPUIToolExampleUITests.swift in Sources */,
			);
			runOnlyForDeploymentPostprocessing = 0;
		};
/* End PBXSourcesBuildPhase section */

/* Begin PBXTargetDependency section */
		F68D27B520B2B3890021F74D /* PBXTargetDependency */ = {
			isa = PBXTargetDependency;
			target = F68D279E20B2B3880021F74D /* XPUIToolExample */;
			targetProxy = F68D27B420B2B3890021F74D /* PBXContainerItemProxy */;
		};
		F68D27C020B2B3890021F74D /* PBXTargetDependency */ = {
			isa = PBXTargetDependency;
			target = F68D279E20B2B3880021F74D /* XPUIToolExample */;
			targetProxy = F68D27BF20B2B3890021F74D /* PBXContainerItemProxy */;
		};
/* End PBXTargetDependency section */

/* Begin PBXVariantGroup section */
		F68D27A620B2B3880021F74D /* Main.storyboard */ = {
			isa = PBXVariantGroup;
			children = (
				F68D27A720B2B3880021F74D /* Base */,
			);
			name = Main.storyboard;
			sourceTree = "<group>";
		};
		F68D27AB20B2B3890021F74D /* LaunchScreen.storyboard */ = {
			isa = PBXVariantGroup;
			children = (
				F68D27AC20B2B3890021F74D /* Base */,
			);
			name = LaunchScreen.storyboard;
			sourceTree = "<group>";
		};
/* End PBXVariantGroup section */

/* Begin XCBuildConfiguration section */
		F68D27C520B2B3890021F74D /* Debug */ = {
			isa = XCBuildConfiguration;
			buildSettings = {
				ALWAYS_SEARCH_USER_PATHS = NO;
				CLANG_ANALYZER_NONNULL = YES;
				CLANG_ANALYZER_NUMBER_OBJECT_CONVERSION = YES_AGGRESSIVE;
				CLANG_CXX_LANGUAGE_STANDARD = "gnu++14";
				CLANG_CXX_LIBRARY = "libc++";
				CLANG_ENABLE_MODULES = YES;
				CLANG_ENABLE_OBJC_ARC = YES;
				CLANG_ENABLE_OBJC_WEAK = YES;
				CLANG_WARN_BLOCK_CAPTURE_AUTORELEASING = YES;
				CLANG_WARN_BOOL_CONVERSION = YES;
				CLANG_WARN_COMMA = YES;
				CLANG_WARN_CONSTANT_CONVERSION = YES;
				CLANG_WARN_DEPRECATED_OBJC_IMPLEMENTATIONS = YES;
				CLANG_WARN_DIRECT_OBJC_ISA_USAGE = YES_ERROR;
				CLANG_WARN_DOCUMENTATION_COMMENTS = YES;
				CLANG_WARN_EMPTY_BODY = YES;
				CLANG_WARN_ENUM_CONVERSION = YES;
				CLANG_WARN_INFINITE_RECURSION = YES;
				CLANG_WARN_INT_CONVERSION = YES;
				CLANG_WARN_NON_LITERAL_NULL_CONVERSION = YES;
				CLANG_WARN_OBJC_IMPLICIT_RETAIN_SELF = YES;
				CLANG_WARN_OBJC_LITERAL_CONVERSION = YES;
				CLANG_WARN_OBJC_ROOT_CLASS = YES_ERROR;
				CLANG_WARN_RANGE_LOOP_ANALYSIS = YES;
				CLANG_WARN_STRICT_PROTOTYPES = YES;
				CLANG_WARN_SUSPICIOUS_MOVE = YES;
				CLANG_WARN_UNGUARDED_AVAILABILITY = YES_AGGRESSIVE;
				CLANG_WARN_UNREACHABLE_CODE = YES;
				CLANG_WARN__DUPLICATE_METHOD_MATCH = YES;
				CODE_SIGN_IDENTITY = "iPhone Developer";
				COPY_PHASE_STRIP = NO;
				DEBUG_INFORMATION_FORMAT = dwarf;
				ENABLE_STRICT_OBJC_MSGSEND = YES;
				ENABLE_TESTABILITY = YES;
				GCC_C_LANGUAGE_STANDARD = gnu11;
				GCC_DYNAMIC_NO_PIC = NO;
				GCC_NO_COMMON_BLOCKS = YES;
				GCC_OPTIMIZATION_LEVEL = 0;
				GCC_PREPROCESSOR_DEFINITIONS = (
					"DEBUG=1",
					"$(inherited)",
				);
				GCC_WARN_64_TO_32_BIT_CONVERSION = YES;
				GCC_WARN_ABOUT_RETURN_TYPE = YES_ERROR;
				GCC_WARN_UNDECLARED_SELECTOR = YES;
				GCC_WARN_UNINITIALIZED_AUTOS = YES_AGGRESSIVE;
				GCC_WARN_UNUSED_FUNCTION = YES;
				GCC_WARN_UNUSED_VARIABLE = YES;
				IPHONEOS_DEPLOYMENT_TARGET = 11.3;
				MTL_ENABLE_DEBUG_INFO = YES;
				ONLY_ACTIVE_ARCH = YES;
				SDKROOT = iphoneos;
				SWIFT_ACTIVE_COMPILATION_CONDITIONS = DEBUG;
				SWIFT_OPTIMIZATION_LEVEL = "-Onone";
			};
			name = Debug;
		};
		F68D27C620B2B3890021F74D /* Release */ = {
			isa = XCBuildConfiguration;
			buildSettings = {
				ALWAYS_SEARCH_USER_PATHS = NO;
				CLANG_ANALYZER_NONNULL = YES;
				CLANG_ANALYZER_NUMBER_OBJECT_CONVERSION = YES_AGGRESSIVE;
				CLANG_CXX_LANGUAGE_STANDARD = "gnu++14";
				CLANG_CXX_LIBRARY = "libc++";
				CLANG_ENABLE_MODULES = YES;
				CLANG_ENABLE_OBJC_ARC = YES;
				CLANG_ENABLE_OBJC_WEAK = YES;
				CLANG_WARN_BLOCK_CAPTURE_AUTORELEASING = YES;
				CLANG_WARN_BOOL_CONVERSION = YES;
				CLANG_WARN_COMMA = YES;
				CLANG_WARN_CONSTANT_CONVERSION = YES;
				CLANG_WARN_DEPRECATED_OBJC_IMPLEMENTATIONS = YES;
				CLANG_WARN_DIRECT_OBJC_ISA_USAGE = YES_ERROR;
				CLANG_WARN_DOCUMENTATION_COMMENTS = YES;
				CLANG_WARN_EMPTY_BODY = YES;
				CLANG_WARN_ENUM_CONVERSION = YES;
				CLANG_WARN_INFINITE_RECURSION = YES;
				CLANG_WARN_INT_CONVERSION = YES;
				CLANG_WARN_NON_LITERAL_NULL_CONVERSION = YES;
				CLANG_WARN_OBJC_IMPLICIT_RETAIN_SELF = YES;
				CLANG_WARN_OBJC_LITERAL_CONVERSION = YES;
				CLANG_WARN_OBJC_ROOT_CLASS = YES_ERROR;
				CLANG_WARN_RANGE_LOOP_ANALYSIS = YES;
				CLANG_WARN_STRICT_PROTOTYPES = YES;
				CLANG_WARN_SUSPICIOUS_MOVE = YES;
				CLANG_WARN_UNGUARDED_AVAILABILITY = YES_AGGRESSIVE;
				CLANG_WARN_UNREACHABLE_CODE = YES;
				CLANG_WARN__DUPLICATE_METHOD_MATCH = YES;
				CODE_SIGN_IDENTITY = "iPhone Developer";
				COPY_PHASE_STRIP = NO;
				DEBUG_INFORMATION_FORMAT = "dwarf-with-dsym";
				ENABLE_NS_ASSERTIONS = NO;
				ENABLE_STRICT_OBJC_MSGSEND = YES;
				GCC_C_LANGUAGE_STANDARD = gnu11;
				GCC_NO_COMMON_BLOCKS = YES;
				GCC_WARN_64_TO_32_BIT_CONVERSION = YES;
				GCC_WARN_ABOUT_RETURN_TYPE = YES_ERROR;
				GCC_WARN_UNDECLARED_SELECTOR = YES;
				GCC_WARN_UNINITIALIZED_AUTOS = YES_AGGRESSIVE;
				GCC_WARN_UNUSED_FUNCTION = YES;
				GCC_WARN_UNUSED_VARIABLE = YES;
				IPHONEOS_DEPLOYMENT_TARGET = 11.3;
				MTL_ENABLE_DEBUG_INFO = NO;
				SDKROOT = iphoneos;
				SWIFT_COMPILATION_MODE = wholemodule;
				SWIFT_OPTIMIZATION_LEVEL = "-O";
				VALIDATE_PRODUCT = YES;
			};
			name = Release;
		};
		F68D27C820B2B3890021F74D /* Debug */ = {
			isa = XCBuildConfiguration;
			baseConfigurationReference = DE30E0795FB0FDD4E2AA815D /* Pods-XPUIToolExample.debug.xcconfig */;
			buildSettings = {
				ASSETCATALOG_COMPILER_APPICON_NAME = AppIcon;
				CODE_SIGN_STYLE = Automatic;
				INFOPLIST_FILE = XPUIToolExample/Info.plist;
				LD_RUNPATH_SEARCH_PATHS = "$(inherited) @executable_path/Frameworks";
				PRODUCT_BUNDLE_IDENTIFIER = com.worldunion.XPUIToolExample;
				PRODUCT_NAME = "$(TARGET_NAME)";
				SWIFT_VERSION = 4.0;
				TARGETED_DEVICE_FAMILY = "1,2";
			};
			name = Debug;
		};
		F68D27C920B2B3890021F74D /* Release */ = {
			isa = XCBuildConfiguration;
			baseConfigurationReference = 8EEBAC0D16FC2463CEFB121F /* Pods-XPUIToolExample.release.xcconfig */;
			buildSettings = {
				ASSETCATALOG_COMPILER_APPICON_NAME = AppIcon;
				CODE_SIGN_STYLE = Automatic;
				INFOPLIST_FILE = XPUIToolExample/Info.plist;
				LD_RUNPATH_SEARCH_PATHS = "$(inherited) @executable_path/Frameworks";
				PRODUCT_BUNDLE_IDENTIFIER = com.worldunion.XPUIToolExample;
				PRODUCT_NAME = "$(TARGET_NAME)";
				SWIFT_VERSION = 4.0;
				TARGETED_DEVICE_FAMILY = "1,2";
			};
			name = Release;
		};
		F68D27CB20B2B3890021F74D /* Debug */ = {
			isa = XCBuildConfiguration;
			baseConfigurationReference = 8390EC77F505795BA494B927 /* Pods-XPUIToolExampleTests.debug.xcconfig */;
			buildSettings = {
				ALWAYS_EMBED_SWIFT_STANDARD_LIBRARIES = YES;
				BUNDLE_LOADER = "$(TEST_HOST)";
				CODE_SIGN_STYLE = Automatic;
				INFOPLIST_FILE = XPUIToolExampleTests/Info.plist;
				LD_RUNPATH_SEARCH_PATHS = "$(inherited) @executable_path/Frameworks @loader_path/Frameworks";
				PRODUCT_BUNDLE_IDENTIFIER = com.worldunion.XPUIToolExampleTests;
				PRODUCT_NAME = "$(TARGET_NAME)";
				SWIFT_VERSION = 4.0;
				TARGETED_DEVICE_FAMILY = "1,2";
				TEST_HOST = "$(BUILT_PRODUCTS_DIR)/XPUIToolExample.app/XPUIToolExample";
			};
			name = Debug;
		};
		F68D27CC20B2B3890021F74D /* Release */ = {
			isa = XCBuildConfiguration;
			baseConfigurationReference = 3585FFE2554E97224A797CE4 /* Pods-XPUIToolExampleTests.release.xcconfig */;
			buildSettings = {
				ALWAYS_EMBED_SWIFT_STANDARD_LIBRARIES = YES;
				BUNDLE_LOADER = "$(TEST_HOST)";
				CODE_SIGN_STYLE = Automatic;
				INFOPLIST_FILE = XPUIToolExampleTests/Info.plist;
				LD_RUNPATH_SEARCH_PATHS = "$(inherited) @executable_path/Frameworks @loader_path/Frameworks";
				PRODUCT_BUNDLE_IDENTIFIER = com.worldunion.XPUIToolExampleTests;
				PRODUCT_NAME = "$(TARGET_NAME)";
				SWIFT_VERSION = 4.0;
				TARGETED_DEVICE_FAMILY = "1,2";
				TEST_HOST = "$(BUILT_PRODUCTS_DIR)/XPUIToolExample.app/XPUIToolExample";
			};
			name = Release;
		};
		F68D27CE20B2B3890021F74D /* Debug */ = {
			isa = XCBuildConfiguration;
			baseConfigurationReference = B6A0A5A2B7C04D42632EFB18 /* Pods-XPUIToolExampleUITests.debug.xcconfig */;
			buildSettings = {
				ALWAYS_EMBED_SWIFT_STANDARD_LIBRARIES = YES;
				CODE_SIGN_STYLE = Automatic;
				INFOPLIST_FILE = XPUIToolExampleUITests/Info.plist;
				LD_RUNPATH_SEARCH_PATHS = "$(inherited) @executable_path/Frameworks @loader_path/Frameworks";
				PRODUCT_BUNDLE_IDENTIFIER = com.worldunion.XPUIToolExampleUITests;
				PRODUCT_NAME = "$(TARGET_NAME)";
				SWIFT_VERSION = 4.0;
				TARGETED_DEVICE_FAMILY = "1,2";
				TEST_TARGET_NAME = XPUIToolExample;
			};
			name = Debug;
		};
		F68D27CF20B2B3890021F74D /* Release */ = {
			isa = XCBuildConfiguration;
			baseConfigurationReference = A5F4FD931226612E0AD8AB05 /* Pods-XPUIToolExampleUITests.release.xcconfig */;
			buildSettings = {
				ALWAYS_EMBED_SWIFT_STANDARD_LIBRARIES = YES;
				CODE_SIGN_STYLE = Automatic;
				INFOPLIST_FILE = XPUIToolExampleUITests/Info.plist;
				LD_RUNPATH_SEARCH_PATHS = "$(inherited) @executable_path/Frameworks @loader_path/Frameworks";
				PRODUCT_BUNDLE_IDENTIFIER = com.worldunion.XPUIToolExampleUITests;
				PRODUCT_NAME = "$(TARGET_NAME)";
				SWIFT_VERSION = 4.0;
				TARGETED_DEVICE_FAMILY = "1,2";
				TEST_TARGET_NAME = XPUIToolExample;
			};
			name = Release;
		};
/* End XCBuildConfiguration section */

/* Begin XCConfigurationList section */
		F68D279A20B2B3870021F74D /* Build configuration list for PBXProject "XPUIToolExample" */ = {
			isa = XCConfigurationList;
			buildConfigurations = (
				F68D27C520B2B3890021F74D /* Debug */,
				F68D27C620B2B3890021F74D /* Release */,
			);
			defaultConfigurationIsVisible = 0;
			defaultConfigurationName = Release;
		};
		F68D27C720B2B3890021F74D /* Build configuration list for PBXNativeTarget "XPUIToolExample" */ = {
			isa = XCConfigurationList;
			buildConfigurations = (
				F68D27C820B2B3890021F74D /* Debug */,
				F68D27C920B2B3890021F74D /* Release */,
			);
			defaultConfigurationIsVisible = 0;
			defaultConfigurationName = Release;
		};
		F68D27CA20B2B3890021F74D /* Build configuration list for PBXNativeTarget "XPUIToolExampleTests" */ = {
			isa = XCConfigurationList;
			buildConfigurations = (
				F68D27CB20B2B3890021F74D /* Debug */,
				F68D27CC20B2B3890021F74D /* Release */,
			);
			defaultConfigurationIsVisible = 0;
			defaultConfigurationName = Release;
		};
		F68D27CD20B2B3890021F74D /* Build configuration list for PBXNativeTarget "XPUIToolExampleUITests" */ = {
			isa = XCConfigurationList;
			buildConfigurations = (
				F68D27CE20B2B3890021F74D /* Debug */,
				F68D27CF20B2B3890021F74D /* Release */,
			);
			defaultConfigurationIsVisible = 0;
			defaultConfigurationName = Release;
		};
/* End XCConfigurationList section */
	};
	rootObject = F68D279720B2B3870021F74D /* Project object */;
}
